
Microsoft Visual Studio Solution File, Format Version 12.00
# Visual Studio Version 16
VisualStudioVersion = 16.0.31702.278
MinimumVisualStudioVersion = 10.0.40219.1
Project("{9A19103F-16F7-4668-BE54-9A1E7A4F7556}") = "SantaPresentFactory", "CsharpAdvancedExamPrep\SantaPresentFactory.csproj", "{0A866906-9191-419A-8EFA-80E5FCB650CC}"
EndProject
Project("{9A19103F-16F7-4668-BE54-9A1E7A4F7556}") = "Christmas", "Christmas\Christmas.csproj", "{9402C814-3A08-4654-A2F7-F18F738CB077}"
EndProject
Project("{9A19103F-16F7-4668-BE54-9A1E7A4F7556}") = "DatingApp", "DatingApp\DatingApp.csproj", "{47547F89-9C5A-41B8-80F1-B61401CA32C6}"
EndProject
Project("{9A19103F-16F7-4668-BE54-9A1E7A4F7556}") = "BookWorm", "BookWorm\BookWorm.csproj", "{BFF5827F-3EC0-4BD5-8ACE-7D0351421A78}"
EndProject
Project("{9A19103F-16F7-4668-BE54-9A1E7A4F7556}") = "Rabbits", "Rabbits\Rabbits.csproj", "{95368EA2-E851-4345-9762-99D72472AF3F}"
EndProject
Project("{9A19103F-16F7-4668-BE54-9A1E7A4F7556}") = "SummerCoctails", "SummerCoctails\SummerCoctails.csproj", "{ED0E0C35-FFCE-4DFA-A62A-5CB1C673255C}"
EndProject
Project("{9A19103F-16F7-4668-BE54-9A1E7A4F7556}") = "SeashellTreasure", "SeashellTreasure\SeashellTreasure.csproj", "{21FD998D-E388-4025-9FAA-31039A0A6207}"
EndProject
Project("{9A19103F-16F7-4668-BE54-9A1E7A4F7556}") = "Aquarium Adventure", "Aquarium Adventure\Aquarium Adventure.csproj", "{6642FA0B-26F3-4555-8CB2-C98C416A5A6C}"
EndProject
Project("{9A19103F-16F7-4668-BE54-9A1E7A4F7556}") = "TrojanIvasion", "TrojanIvasion\TrojanIvasion.csproj", "{023DD908-BCA6-4BF8-B7A5-7B6F8BCD28F6}"
EndProject
Project("{9A19103F-16F7-4668-BE54-9A1E7A4F7556}") = "HelenAbduction", "HelenAbduction\HelenAbduction.csproj", "{95A8B176-CD9F-4B0A-AFDE-82945A680C9D}"
EndProject
Project("{9A19103F-16F7-4668-BE54-9A1E7A4F7556}") = "FightingArena", "FightingArena\FightingArena.csproj", "{4AA6E3DD-7970-49BB-817A-BA1EE91C7AE6}"
EndProject
Project("{9A19103F-16F7-4668-BE54-9A1E7A4F7556}") = "Socks", "Socks\Socks.csproj", "{52B14C3C-3C18-4332-A6ED-1FDB2BF62A80}"
EndProject
Project("{9A19103F-16F7-4668-BE54-9A1E7A4F7556}") = "ExelFuncions", "ExelFuncions\ExelFuncions.csproj", "{BC506DDE-C500-4185-8592-C7DB01DBDE38}"
EndProject
Project("{9A19103F-16F7-4668-BE54-9A1E7A4F7556}") = "Repository", "Repository\Repository.csproj", "{DC29D42D-AD06-43F4-88DD-EEEE85236E40}"
EndProject
Project("{9A19103F-16F7-4668-BE54-9A1E7A4F7556}") = "Spaceship Crafting", "Spaceship Crafting\Spaceship Crafting.csproj", "{A42201D4-8266-4781-8BC6-C31844FFAB6F}"
EndProject
Project("{9A19103F-16F7-4668-BE54-9A1E7A4F7556}") = "Space Station Recruitment", "Space Station Recruitment\Space Station Recruitment.csproj", "{DDAC51F1-A41A-4466-A6ED-9404CE594ED5}"
EndProject
Project("{9A19103F-16F7-4668-BE54-9A1E7A4F7556}") = "SpaceStationEstablishment", "SpaceStationEstablishment\SpaceStationEstablishment.csproj", "{F18F998C-3B5A-45CC-B5FF-EF60F06FF508}"
EndProject
Project("{9A19103F-16F7-4668-BE54-9A1E7A4F7556}") = "TheGarden", "TheGarden\TheGarden.csproj", "{6E848CE9-31DC-46FB-8C51-28652ADD412B}"
EndProject
Project("{9A19103F-16F7-4668-BE54-9A1E7A4F7556}") = "MakeaSalad", "MakeaSalad\MakeaSalad.csproj", "{7B5822C2-E607-45F9-ACE3-39E7400BEA74}"
EndProject
Project("{9A19103F-16F7-4668-BE54-9A1E7A4F7556}") = "ClubParty", "ClubParty\ClubParty.csproj", "{30C00532-2E4A-4052-ACBD-F0C638FB80F7}"
EndProject
Project("{9A19103F-16F7-4668-BE54-9A1E7A4F7556}") = "TronRacers", "TronRacers\TronRacers.csproj", "{504A039F-1FCF-456F-909A-0091BAF729E3}"
EndProject
Project("{9A19103F-16F7-4668-BE54-9A1E7A4F7556}") = "Heroes", "Heroes\Heroes.csproj", "{2ECAD28E-494E-46CA-A5AA-236BB382B614}"
EndProject
Project("{9A19103F-16F7-4668-BE54-9A1E7A4F7556}") = "SecondNature", "SecondNature\SecondNature.csproj", "{C0D631DE-7C39-4D2A-AE63-8FB350369A51}"
EndProject
Project("{9A19103F-16F7-4668-BE54-9A1E7A4F7556}") = "NMS", "NMS\NMS.csproj", "{EDFEE830-1B86-45C7-9E5A-A9F1E1A1C13A}"
EndProject
Project("{9A19103F-16F7-4668-BE54-9A1E7A4F7556}") = "AshesOfRoses", "AshesOfRoses\AshesOfRoses.csproj", "{6388FEAC-2189-43E1-B7B7-97874B759F7B}"
EndProject
Project("{9A19103F-16F7-4668-BE54-9A1E7A4F7556}") = "CubicArtilery", "CubicArtilery\CubicArtilery.csproj", "{DCDE1C79-4A09-4E35-A789-BB10E7E3F714}"
EndProject
Project("{9A19103F-16F7-4668-BE54-9A1E7A4F7556}") = "CubiksMassages", "CubiksMassages\CubiksMassages.csproj", "{15441C9D-8EAF-4292-B6F7-0A4EC40996F9}"
EndProject
Project("{9A19103F-16F7-4668-BE54-9A1E7A4F7556}") = "CubicsRube", "CubicsRube\CubicsRube.csproj", "{B91D04B4-0C5A-43B8-847C-117E13D8D1E1}"
EndProject
Project("{9A19103F-16F7-4668-BE54-9A1E7A4F7556}") = "CubicAssault", "CubicAssault\CubicAssault.csproj", "{35779634-2D7F-40F4-86C5-B47D66EA87DB}"
EndProject
Project("{9A19103F-16F7-4668-BE54-9A1E7A4F7556}") = "ArrangeNumbers", "ArrangeNumbers\ArrangeNumbers.csproj", "{E2E8A7C3-FB8A-45BF-964B-4BA3958D6B0C}"
EndProject
Project("{9A19103F-16F7-4668-BE54-9A1E7A4F7556}") = "Monopoly", "Monopoly\Monopoly.csproj", "{EBBE0906-FDD2-4E1C-81E0-8C8A0B2C4C75}"
EndProject
Project("{9A19103F-16F7-4668-BE54-9A1E7A4F7556}") = "BasicMarkupLanguage", "BasicMarkupLanguage\BasicMarkupLanguage.csproj", "{8CE1AAFD-55A3-4F3C-9B94-2C2DDE80A54A}"
EndProject
Project("{9A19103F-16F7-4668-BE54-9A1E7A4F7556}") = "ChampionsLeague", "ChampionsLeague\ChampionsLeague.csproj", "{A42FB38A-133D-4D35-A04B-97AFD36E87A1}"
EndProject
Project("{9A19103F-16F7-4668-BE54-9A1E7A4F7556}") = "Regeh", "Regeh\Regeh.csproj", "{4F8E24D8-8447-412F-9CBF-395B893AC2B9}"
EndProject
Project("{9A19103F-16F7-4668-BE54-9A1E7A4F7556}") = "KnightGame", "KnightGame\KnightGame.csproj", "{9EB3414D-E9AB-44E5-815C-5E601EBFA68F}"
EndProject
Project("{9A19103F-16F7-4668-BE54-9A1E7A4F7556}") = "NumberWars", "NumberWars\NumberWars.csproj", "{0808C9FF-1658-47F3-BE59-5394C9794C94}"
EndProject
Project("{9A19103F-16F7-4668-BE54-9A1E7A4F7556}") = "Hospital", "Hospital\Hospital.csproj", "{B8B91BE2-753C-44B1-93EA-846873EE19C8}"
EndProject
Project("{9A19103F-16F7-4668-BE54-9A1E7A4F7556}") = "DangerousFloor", "DangerousFloor\DangerousFloor.csproj", "{914DEC38-5A9B-42A7-A439-3C7AC16E21DC}"
EndProject
Project("{9A19103F-16F7-4668-BE54-9A1E7A4F7556}") = "JediMEditation", "JediMEditation\JediMEditation.csproj", "{E453E11B-16FF-4781-A2A7-6F77CE085A6B}"
EndProject
Project("{9A19103F-16F7-4668-BE54-9A1E7A4F7556}") = "KeyRevolver", "KeyRevolver\KeyRevolver.csproj", "{7CA9EC67-6E78-4DEA-B8F9-253900EAAF72}"
EndProject
Project("{9A19103F-16F7-4668-BE54-9A1E7A4F7556}") = "CryptoMaster", "CryptoMaster\CryptoMaster.csproj", "{7AD86834-024D-42B5-B8E1-E12C760701ED}"
EndProject
Project("{9A19103F-16F7-4668-BE54-9A1E7A4F7556}") = "JediGalaxy", "JediGalaxy\JediGalaxy.csproj", "{990866DF-0D1D-49DD-B427-B05178AA4B2B}"
EndProject
Project("{9A19103F-16F7-4668-BE54-9A1E7A4F7556}") = "Sneaking", "Sneaking\Sneaking.csproj", "{007E9A53-472F-4844-A471-436EAE945B81}"
EndProject
Project("{9A19103F-16F7-4668-BE54-9A1E7A4F7556}") = "CryptoBlockchain", "CryptoBlockchain\CryptoBlockchain.csproj", "{99C33ED3-B0F8-4A83-9E6F-886542ED6032}"
EndProject
Project("{9A19103F-16F7-4668-BE54-9A1E7A4F7556}") = "GreedyTimes", "GreedyTimes\GreedyTimes.csproj", "{5D7007B6-E113-4DBD-BC8A-64A338BFBDA4}"
EndProject
Project("{9A19103F-16F7-4668-BE54-9A1E7A4F7556}") = "JediCodeX", "JediCodeX\JediCodeX.csproj", "{01A3CDA6-1015-438B-9AD7-22C092781870}"
EndProject
Project("{9A19103F-16F7-4668-BE54-9A1E7A4F7556}") = "HitLIst", "HitLIst\HitLIst.csproj", "{90BF6832-2C26-4C60-9CAC-E6C04B25AEF8}"
EndProject
Project("{9A19103F-16F7-4668-BE54-9A1E7A4F7556}") = "JediDreams", "JediDreams\JediDreams.csproj", "{58A3F706-ED31-4F6C-831B-BA1BD9C4EFCD}"
EndProject
Project("{9A19103F-16F7-4668-BE54-9A1E7A4F7556}") = "TreasureMap", "TreasureMap\TreasureMap.csproj", "{82F78EE4-CAD8-4587-AA55-85EEA4A5FDEB}"
EndProject
Project("{9A19103F-16F7-4668-BE54-9A1E7A4F7556}") = "WarmWinter", "WarmWinter\WarmWinter.csproj", "{5A34AFF9-1735-42AB-B8F5-D1C39DB1F32A}"
EndProject
Project("{9A19103F-16F7-4668-BE54-9A1E7A4F7556}") = "WarmWinter01", "WarmWinter01\WarmWinter01.csproj", "{C69399BA-D5E1-4A49-A9CB-6E41DA937244}"
EndProject
Project("{9A19103F-16F7-4668-BE54-9A1E7A4F7556}") = "SuperMario", "SuperMario\SuperMario.csproj", "{166E2B19-4C2E-41AB-9419-5955208538AC}"
EndProject
Project("{9A19103F-16F7-4668-BE54-9A1E7A4F7556}") = "CocktailParty", "CocktailParty\CocktailParty.csproj", "{29205856-1B48-4746-A5E2-BCDA217B489F}"
EndProject
Project("{9A19103F-16F7-4668-BE54-9A1E7A4F7556}") = "TheFightForGondor", "TheFightForGondor\TheFightForGondor.csproj", "{571FCBED-F5C8-4587-8EB6-A356CDF20D14}"
EndProject
Project("{9A19103F-16F7-4668-BE54-9A1E7A4F7556}") = "WarShips", "WarShips\WarShips.csproj", "{E2DC757A-44F5-4EB8-8088-55C856C1F5B8}"
EndProject
Project("{9A19103F-16F7-4668-BE54-9A1E7A4F7556}") = "TheRace", "TheRace\TheRace.csproj", "{BCFDE86C-96EE-4D2D-8244-4474533D30BC}"
EndProject
Project("{9A19103F-16F7-4668-BE54-9A1E7A4F7556}") = "LootBox", "LootBox\LootBox.csproj", "{6E25092E-CB6D-4B9A-826E-2B59886F4333}"
EndProject
Project("{9A19103F-16F7-4668-BE54-9A1E7A4F7556}") = "Re_Volt", "Re_Volt\Re_Volt.csproj", "{159E2877-EFC0-421B-8AB8-0F2FCB5856FB}"
EndProject
Project("{9A19103F-16F7-4668-BE54-9A1E7A4F7556}") = "ReVolt", "ReVolt\ReVolt.csproj", "{726C0FC5-2019-4DCE-8190-D8EC7E8AE1F8}"
EndProject
Project("{9A19103F-16F7-4668-BE54-9A1E7A4F7556}") = "Guild", "Guild\Guild.csproj", "{DA7CB443-7428-4979-85F8-17886E316500}"
EndProject
Project("{9A19103F-16F7-4668-BE54-9A1E7A4F7556}") = "Bombs", "Bombs\Bombs.csproj", "{45F03286-3637-4438-8353-7C2FA3414FBB}"
EndProject
Project("{9A19103F-16F7-4668-BE54-9A1E7A4F7556}") = "Snake", "Snake\Snake.csproj", "{CC83776B-65DB-4253-B5B0-61592CE19080}"
EndProject
Project("{9A19103F-16F7-4668-BE54-9A1E7A4F7556}") = "Parking", "Parking\Parking.csproj", "{13BA536D-F175-43F4-9604-575DFC8E8E73}"
EndProject
Project("{9A19103F-16F7-4668-BE54-9A1E7A4F7556}") = "HealthyHeaven", "HealthyHeaven\HealthyHeaven.csproj", "{CFDAEE70-E069-47FF-BCA7-F6496C87A8E9}"
EndProject
Project("{9A19103F-16F7-4668-BE54-9A1E7A4F7556}") = "Hitinfo", "Hitinfo\Hitinfo.csproj", "{E261E4DD-ADFB-4CC4-97A3-68D9D217FC25}"
EndProject
Project("{9A19103F-16F7-4668-BE54-9A1E7A4F7556}") = "CupsAndBottles", "CupsAndBottles\CupsAndBottles.csproj", "{F8506EC7-DA8A-4EC3-AB62-B278EBF6F261}"
EndProject
Project("{9A19103F-16F7-4668-BE54-9A1E7A4F7556}") = "DataTransfer", "DataTransfer\DataTransfer.csproj", "{803C660F-B8E8-4D9E-A645-938C7FF93396}"
EndProject
Project("{9A19103F-16F7-4668-BE54-9A1E7A4F7556}") = "Miner", "Miner\Miner.csproj", "{17F41914-04A4-4E40-9507-B46631FB0D33}"
EndProject
Project("{9A19103F-16F7-4668-BE54-9A1E7A4F7556}") = "Tagram", "Tagram\Tagram.csproj", "{3BB0350F-949F-4E03-A18C-6C28BCC07CE1}"
EndProject
Project("{9A19103F-16F7-4668-BE54-9A1E7A4F7556}") = "MOBAChallenger", "MOBAChallenger\MOBAChallenger.csproj", "{B7382ABE-2F6D-48F2-9F39-F4B8B0610B36}"
EndProject
Project("{9A19103F-16F7-4668-BE54-9A1E7A4F7556}") = "SoftUniBarIncome", "SoftUniBarIncome\SoftUniBarIncome.csproj", "{375EFAD9-A976-4884-9CE9-9537D9CCC7CA}"
EndProject
Project("{9A19103F-16F7-4668-BE54-9A1E7A4F7556}") = "SoftUniExamResults", "SoftUniExamResults\SoftUniExamResults.csproj", "{5DB4A9FF-2984-40D4-BA12-6582E1BCE3C8}"
EndProject
Project("{9A19103F-16F7-4668-BE54-9A1E7A4F7556}") = "TicketTrouble", "TicketTrouble\TicketTrouble.csproj", "{129DFCDB-80C8-48D3-BFDC-8B709141127B}"
EndProject
Project("{9A19103F-16F7-4668-BE54-9A1E7A4F7556}") = "Crossroads", "Crossroads\Crossroads.csproj", "{924E4661-1D76-4F13-8B30-24822A92CCE5}"
EndProject
Project("{9A19103F-16F7-4668-BE54-9A1E7A4F7556}") = "MovieTime", "MovieTime\MovieTime.csproj", "{47D25683-A57D-4185-9317-DBF74BF3C57E}"
EndProject
Project("{9A19103F-16F7-4668-BE54-9A1E7A4F7556}") = "PresentDelivery", "PresentDelivery\PresentDelivery.csproj", "{34AE5D8C-E65A-43C2-A724-54D579F6EB77}"
EndProject
Project("{9A19103F-16F7-4668-BE54-9A1E7A4F7556}") = "Cooking", "Cooking\Cooking.csproj", "{E584EBAB-96EC-49B2-8329-7427A8E4E387}"
EndProject
Project("{9A19103F-16F7-4668-BE54-9A1E7A4F7556}") = "Selling", "Selling\Selling.csproj", "{5EB15599-CF6B-48A8-A48C-C5DB23718E65}"
EndProject
Project("{9A19103F-16F7-4668-BE54-9A1E7A4F7556}") = "Oppening", "Oppening\Oppening.csproj", "{BFBC5275-B57C-43A2-BE33-3B61504D9122}"
EndProject
Project("{9A19103F-16F7-4668-BE54-9A1E7A4F7556}") = "FlowerWreaths", "FlowerWreaths\FlowerWreaths.csproj", "{A6F63B2A-8165-4249-A845-6D0B36309C77}"
EndProject
Project("{9A19103F-16F7-4668-BE54-9A1E7A4F7556}") = "Bee", "Bee\Bee.csproj", "{461BEE7A-3271-4D87-885D-4A6C4AA8B5E3}"
EndProject
Project("{9A19103F-16F7-4668-BE54-9A1E7A4F7556}") = "VetCLinic", "VetCLinic\VetCLinic.csproj", "{8ADB133F-1DF2-4C22-9B10-64F68B9CCBD8}"
EndProject
Project("{9A19103F-16F7-4668-BE54-9A1E7A4F7556}") = "Scheduling", "Scheduling\Scheduling.csproj", "{4B5FC7BB-A638-498A-A95A-D4BC133387A3}"
EndProject
Project("{9A19103F-16F7-4668-BE54-9A1E7A4F7556}") = "Garden", "Garden\Garden.csproj", "{138A59D4-356F-4905-BBE2-D07E97C4CCB5}"
EndProject
Project("{9A19103F-16F7-4668-BE54-9A1E7A4F7556}") = "ClassRoom", "ClassRoom\ClassRoom.csproj", "{F89D1AF4-E73D-4943-A47A-53B3EBA5C517}"
EndProject
Project("{9A19103F-16F7-4668-BE54-9A1E7A4F7556}") = "NaturesProphet", "NaturesProphet\NaturesProphet.csproj", "{251F7378-7B32-4605-84FB-3AEF879F3813}"
EndProject
Project("{9A19103F-16F7-4668-BE54-9A1E7A4F7556}") = "MasterChef", "MasterChef\MasterChef.csproj", "{3D37D2BC-1513-4B85-92FC-77F6522D005A}"
EndProject
Project("{9A19103F-16F7-4668-BE54-9A1E7A4F7556}") = "Survivor", "Survivor\Survivor.csproj", "{B992E8C7-632E-48B6-A13A-85EF3C2D63F6}"
EndProject
Project("{9A19103F-16F7-4668-BE54-9A1E7A4F7556}") = "SkiRental", "SkiRental\SkiRental.csproj", "{F6214C1E-4FBB-4FD7-84E8-B32732AC6247}"
EndProject
Project("{FAE04EC0-301F-11D3-BF4B-00C04F79EFBC}") = "PawnWars", "PawnWars\PawnWars.csproj", "{A5B00080-B1E9-4409-8F6F-E057CE5EFFDF}"
EndProject
Project("{FAE04EC0-301F-11D3-BF4B-00C04F79EFBC}") = "FoodFinder", "FoodFinder\FoodFinder.csproj", "{1F9DD43C-C8AB-44F2-9F3D-77908DDAE095}"
EndProject
Global
	GlobalSection(SolutionConfigurationPlatforms) = preSolution
		Debug|Any CPU = Debug|Any CPU
		Release|Any CPU = Release|Any CPU
	EndGlobalSection
	GlobalSection(ProjectConfigurationPlatforms) = postSolution
		{0A866906-9191-419A-8EFA-80E5FCB650CC}.Debug|Any CPU.ActiveCfg = Debug|Any CPU
		{0A866906-9191-419A-8EFA-80E5FCB650CC}.Debug|Any CPU.Build.0 = Debug|Any CPU
		{0A866906-9191-419A-8EFA-80E5FCB650CC}.Release|Any CPU.ActiveCfg = Release|Any CPU
		{0A866906-9191-419A-8EFA-80E5FCB650CC}.Release|Any CPU.Build.0 = Release|Any CPU
		{9402C814-3A08-4654-A2F7-F18F738CB077}.Debug|Any CPU.ActiveCfg = Debug|Any CPU
		{9402C814-3A08-4654-A2F7-F18F738CB077}.Debug|Any CPU.Build.0 = Debug|Any CPU
		{9402C814-3A08-4654-A2F7-F18F738CB077}.Release|Any CPU.ActiveCfg = Release|Any CPU
		{9402C814-3A08-4654-A2F7-F18F738CB077}.Release|Any CPU.Build.0 = Release|Any CPU
		{47547F89-9C5A-41B8-80F1-B61401CA32C6}.Debug|Any CPU.ActiveCfg = Debug|Any CPU
		{47547F89-9C5A-41B8-80F1-B61401CA32C6}.Debug|Any CPU.Build.0 = Debug|Any CPU
		{47547F89-9C5A-41B8-80F1-B61401CA32C6}.Release|Any CPU.ActiveCfg = Release|Any CPU
		{47547F89-9C5A-41B8-80F1-B61401CA32C6}.Release|Any CPU.Build.0 = Release|Any CPU
		{BFF5827F-3EC0-4BD5-8ACE-7D0351421A78}.Debug|Any CPU.ActiveCfg = Debug|Any CPU
		{BFF5827F-3EC0-4BD5-8ACE-7D0351421A78}.Debug|Any CPU.Build.0 = Debug|Any CPU
		{BFF5827F-3EC0-4BD5-8ACE-7D0351421A78}.Release|Any CPU.ActiveCfg = Release|Any CPU
		{BFF5827F-3EC0-4BD5-8ACE-7D0351421A78}.Release|Any CPU.Build.0 = Release|Any CPU
		{95368EA2-E851-4345-9762-99D72472AF3F}.Debug|Any CPU.ActiveCfg = Debug|Any CPU
		{95368EA2-E851-4345-9762-99D72472AF3F}.Debug|Any CPU.Build.0 = Debug|Any CPU
		{95368EA2-E851-4345-9762-99D72472AF3F}.Release|Any CPU.ActiveCfg = Release|Any CPU
		{95368EA2-E851-4345-9762-99D72472AF3F}.Release|Any CPU.Build.0 = Release|Any CPU
		{ED0E0C35-FFCE-4DFA-A62A-5CB1C673255C}.Debug|Any CPU.ActiveCfg = Debug|Any CPU
		{ED0E0C35-FFCE-4DFA-A62A-5CB1C673255C}.Debug|Any CPU.Build.0 = Debug|Any CPU
		{ED0E0C35-FFCE-4DFA-A62A-5CB1C673255C}.Release|Any CPU.ActiveCfg = Release|Any CPU
		{ED0E0C35-FFCE-4DFA-A62A-5CB1C673255C}.Release|Any CPU.Build.0 = Release|Any CPU
		{21FD998D-E388-4025-9FAA-31039A0A6207}.Debug|Any CPU.ActiveCfg = Debug|Any CPU
		{21FD998D-E388-4025-9FAA-31039A0A6207}.Debug|Any CPU.Build.0 = Debug|Any CPU
		{21FD998D-E388-4025-9FAA-31039A0A6207}.Release|Any CPU.ActiveCfg = Release|Any CPU
		{21FD998D-E388-4025-9FAA-31039A0A6207}.Release|Any CPU.Build.0 = Release|Any CPU
		{6642FA0B-26F3-4555-8CB2-C98C416A5A6C}.Debug|Any CPU.ActiveCfg = Debug|Any CPU
		{6642FA0B-26F3-4555-8CB2-C98C416A5A6C}.Debug|Any CPU.Build.0 = Debug|Any CPU
		{6642FA0B-26F3-4555-8CB2-C98C416A5A6C}.Release|Any CPU.ActiveCfg = Release|Any CPU
		{6642FA0B-26F3-4555-8CB2-C98C416A5A6C}.Release|Any CPU.Build.0 = Release|Any CPU
		{023DD908-BCA6-4BF8-B7A5-7B6F8BCD28F6}.Debug|Any CPU.ActiveCfg = Debug|Any CPU
		{023DD908-BCA6-4BF8-B7A5-7B6F8BCD28F6}.Debug|Any CPU.Build.0 = Debug|Any CPU
		{023DD908-BCA6-4BF8-B7A5-7B6F8BCD28F6}.Release|Any CPU.ActiveCfg = Release|Any CPU
		{023DD908-BCA6-4BF8-B7A5-7B6F8BCD28F6}.Release|Any CPU.Build.0 = Release|Any CPU
		{95A8B176-CD9F-4B0A-AFDE-82945A680C9D}.Debug|Any CPU.ActiveCfg = Debug|Any CPU
		{95A8B176-CD9F-4B0A-AFDE-82945A680C9D}.Debug|Any CPU.Build.0 = Debug|Any CPU
		{95A8B176-CD9F-4B0A-AFDE-82945A680C9D}.Release|Any CPU.ActiveCfg = Release|Any CPU
		{95A8B176-CD9F-4B0A-AFDE-82945A680C9D}.Release|Any CPU.Build.0 = Release|Any CPU
		{4AA6E3DD-7970-49BB-817A-BA1EE91C7AE6}.Debug|Any CPU.ActiveCfg = Debug|Any CPU
		{4AA6E3DD-7970-49BB-817A-BA1EE91C7AE6}.Debug|Any CPU.Build.0 = Debug|Any CPU
		{4AA6E3DD-7970-49BB-817A-BA1EE91C7AE6}.Release|Any CPU.ActiveCfg = Release|Any CPU
		{4AA6E3DD-7970-49BB-817A-BA1EE91C7AE6}.Release|Any CPU.Build.0 = Release|Any CPU
		{52B14C3C-3C18-4332-A6ED-1FDB2BF62A80}.Debug|Any CPU.ActiveCfg = Debug|Any CPU
		{52B14C3C-3C18-4332-A6ED-1FDB2BF62A80}.Debug|Any CPU.Build.0 = Debug|Any CPU
		{52B14C3C-3C18-4332-A6ED-1FDB2BF62A80}.Release|Any CPU.ActiveCfg = Release|Any CPU
		{52B14C3C-3C18-4332-A6ED-1FDB2BF62A80}.Release|Any CPU.Build.0 = Release|Any CPU
		{BC506DDE-C500-4185-8592-C7DB01DBDE38}.Debug|Any CPU.ActiveCfg = Debug|Any CPU
		{BC506DDE-C500-4185-8592-C7DB01DBDE38}.Debug|Any CPU.Build.0 = Debug|Any CPU
		{BC506DDE-C500-4185-8592-C7DB01DBDE38}.Release|Any CPU.ActiveCfg = Release|Any CPU
		{BC506DDE-C500-4185-8592-C7DB01DBDE38}.Release|Any CPU.Build.0 = Release|Any CPU
		{DC29D42D-AD06-43F4-88DD-EEEE85236E40}.Debug|Any CPU.ActiveCfg = Debug|Any CPU
		{DC29D42D-AD06-43F4-88DD-EEEE85236E40}.Debug|Any CPU.Build.0 = Debug|Any CPU
		{DC29D42D-AD06-43F4-88DD-EEEE85236E40}.Release|Any CPU.ActiveCfg = Release|Any CPU
		{DC29D42D-AD06-43F4-88DD-EEEE85236E40}.Release|Any CPU.Build.0 = Release|Any CPU
		{A42201D4-8266-4781-8BC6-C31844FFAB6F}.Debug|Any CPU.ActiveCfg = Debug|Any CPU
		{A42201D4-8266-4781-8BC6-C31844FFAB6F}.Debug|Any CPU.Build.0 = Debug|Any CPU
		{A42201D4-8266-4781-8BC6-C31844FFAB6F}.Release|Any CPU.ActiveCfg = Release|Any CPU
		{A42201D4-8266-4781-8BC6-C31844FFAB6F}.Release|Any CPU.Build.0 = Release|Any CPU
		{DDAC51F1-A41A-4466-A6ED-9404CE594ED5}.Debug|Any CPU.ActiveCfg = Debug|Any CPU
		{DDAC51F1-A41A-4466-A6ED-9404CE594ED5}.Debug|Any CPU.Build.0 = Debug|Any CPU
		{DDAC51F1-A41A-4466-A6ED-9404CE594ED5}.Release|Any CPU.ActiveCfg = Release|Any CPU
		{DDAC51F1-A41A-4466-A6ED-9404CE594ED5}.Release|Any CPU.Build.0 = Release|Any CPU
		{F18F998C-3B5A-45CC-B5FF-EF60F06FF508}.Debug|Any CPU.ActiveCfg = Debug|Any CPU
		{F18F998C-3B5A-45CC-B5FF-EF60F06FF508}.Debug|Any CPU.Build.0 = Debug|Any CPU
		{F18F998C-3B5A-45CC-B5FF-EF60F06FF508}.Release|Any CPU.ActiveCfg = Release|Any CPU
		{F18F998C-3B5A-45CC-B5FF-EF60F06FF508}.Release|Any CPU.Build.0 = Release|Any CPU
		{6E848CE9-31DC-46FB-8C51-28652ADD412B}.Debug|Any CPU.ActiveCfg = Debug|Any CPU
		{6E848CE9-31DC-46FB-8C51-28652ADD412B}.Debug|Any CPU.Build.0 = Debug|Any CPU
		{6E848CE9-31DC-46FB-8C51-28652ADD412B}.Release|Any CPU.ActiveCfg = Release|Any CPU
		{6E848CE9-31DC-46FB-8C51-28652ADD412B}.Release|Any CPU.Build.0 = Release|Any CPU
		{7B5822C2-E607-45F9-ACE3-39E7400BEA74}.Debug|Any CPU.ActiveCfg = Debug|Any CPU
		{7B5822C2-E607-45F9-ACE3-39E7400BEA74}.Debug|Any CPU.Build.0 = Debug|Any CPU
		{7B5822C2-E607-45F9-ACE3-39E7400BEA74}.Release|Any CPU.ActiveCfg = Release|Any CPU
		{7B5822C2-E607-45F9-ACE3-39E7400BEA74}.Release|Any CPU.Build.0 = Release|Any CPU
		{30C00532-2E4A-4052-ACBD-F0C638FB80F7}.Debug|Any CPU.ActiveCfg = Debug|Any CPU
		{30C00532-2E4A-4052-ACBD-F0C638FB80F7}.Debug|Any CPU.Build.0 = Debug|Any CPU
		{30C00532-2E4A-4052-ACBD-F0C638FB80F7}.Release|Any CPU.ActiveCfg = Release|Any CPU
		{30C00532-2E4A-4052-ACBD-F0C638FB80F7}.Release|Any CPU.Build.0 = Release|Any CPU
		{504A039F-1FCF-456F-909A-0091BAF729E3}.Debug|Any CPU.ActiveCfg = Debug|Any CPU
		{504A039F-1FCF-456F-909A-0091BAF729E3}.Debug|Any CPU.Build.0 = Debug|Any CPU
		{504A039F-1FCF-456F-909A-0091BAF729E3}.Release|Any CPU.ActiveCfg = Release|Any CPU
		{504A039F-1FCF-456F-909A-0091BAF729E3}.Release|Any CPU.Build.0 = Release|Any CPU
		{2ECAD28E-494E-46CA-A5AA-236BB382B614}.Debug|Any CPU.ActiveCfg = Debug|Any CPU
		{2ECAD28E-494E-46CA-A5AA-236BB382B614}.Debug|Any CPU.Build.0 = Debug|Any CPU
		{2ECAD28E-494E-46CA-A5AA-236BB382B614}.Release|Any CPU.ActiveCfg = Release|Any CPU
		{2ECAD28E-494E-46CA-A5AA-236BB382B614}.Release|Any CPU.Build.0 = Release|Any CPU
		{C0D631DE-7C39-4D2A-AE63-8FB350369A51}.Debug|Any CPU.ActiveCfg = Debug|Any CPU
		{C0D631DE-7C39-4D2A-AE63-8FB350369A51}.Debug|Any CPU.Build.0 = Debug|Any CPU
		{C0D631DE-7C39-4D2A-AE63-8FB350369A51}.Release|Any CPU.ActiveCfg = Release|Any CPU
		{C0D631DE-7C39-4D2A-AE63-8FB350369A51}.Release|Any CPU.Build.0 = Release|Any CPU
		{EDFEE830-1B86-45C7-9E5A-A9F1E1A1C13A}.Debug|Any CPU.ActiveCfg = Debug|Any CPU
		{EDFEE830-1B86-45C7-9E5A-A9F1E1A1C13A}.Debug|Any CPU.Build.0 = Debug|Any CPU
		{EDFEE830-1B86-45C7-9E5A-A9F1E1A1C13A}.Release|Any CPU.ActiveCfg = Release|Any CPU
		{EDFEE830-1B86-45C7-9E5A-A9F1E1A1C13A}.Release|Any CPU.Build.0 = Release|Any CPU
		{6388FEAC-2189-43E1-B7B7-97874B759F7B}.Debug|Any CPU.ActiveCfg = Debug|Any CPU
		{6388FEAC-2189-43E1-B7B7-97874B759F7B}.Debug|Any CPU.Build.0 = Debug|Any CPU
		{6388FEAC-2189-43E1-B7B7-97874B759F7B}.Release|Any CPU.ActiveCfg = Release|Any CPU
		{6388FEAC-2189-43E1-B7B7-97874B759F7B}.Release|Any CPU.Build.0 = Release|Any CPU
		{DCDE1C79-4A09-4E35-A789-BB10E7E3F714}.Debug|Any CPU.ActiveCfg = Debug|Any CPU
		{DCDE1C79-4A09-4E35-A789-BB10E7E3F714}.Debug|Any CPU.Build.0 = Debug|Any CPU
		{DCDE1C79-4A09-4E35-A789-BB10E7E3F714}.Release|Any CPU.ActiveCfg = Release|Any CPU
		{DCDE1C79-4A09-4E35-A789-BB10E7E3F714}.Release|Any CPU.Build.0 = Release|Any CPU
		{15441C9D-8EAF-4292-B6F7-0A4EC40996F9}.Debug|Any CPU.ActiveCfg = Debug|Any CPU
		{15441C9D-8EAF-4292-B6F7-0A4EC40996F9}.Debug|Any CPU.Build.0 = Debug|Any CPU
		{15441C9D-8EAF-4292-B6F7-0A4EC40996F9}.Release|Any CPU.ActiveCfg = Release|Any CPU
		{15441C9D-8EAF-4292-B6F7-0A4EC40996F9}.Release|Any CPU.Build.0 = Release|Any CPU
		{B91D04B4-0C5A-43B8-847C-117E13D8D1E1}.Debug|Any CPU.ActiveCfg = Debug|Any CPU
		{B91D04B4-0C5A-43B8-847C-117E13D8D1E1}.Debug|Any CPU.Build.0 = Debug|Any CPU
		{B91D04B4-0C5A-43B8-847C-117E13D8D1E1}.Release|Any CPU.ActiveCfg = Release|Any CPU
		{B91D04B4-0C5A-43B8-847C-117E13D8D1E1}.Release|Any CPU.Build.0 = Release|Any CPU
		{35779634-2D7F-40F4-86C5-B47D66EA87DB}.Debug|Any CPU.ActiveCfg = Debug|Any CPU
		{35779634-2D7F-40F4-86C5-B47D66EA87DB}.Debug|Any CPU.Build.0 = Debug|Any CPU
		{35779634-2D7F-40F4-86C5-B47D66EA87DB}.Release|Any CPU.ActiveCfg = Release|Any CPU
		{35779634-2D7F-40F4-86C5-B47D66EA87DB}.Release|Any CPU.Build.0 = Release|Any CPU
		{E2E8A7C3-FB8A-45BF-964B-4BA3958D6B0C}.Debug|Any CPU.ActiveCfg = Debug|Any CPU
		{E2E8A7C3-FB8A-45BF-964B-4BA3958D6B0C}.Debug|Any CPU.Build.0 = Debug|Any CPU
		{E2E8A7C3-FB8A-45BF-964B-4BA3958D6B0C}.Release|Any CPU.ActiveCfg = Release|Any CPU
		{E2E8A7C3-FB8A-45BF-964B-4BA3958D6B0C}.Release|Any CPU.Build.0 = Release|Any CPU
		{EBBE0906-FDD2-4E1C-81E0-8C8A0B2C4C75}.Debug|Any CPU.ActiveCfg = Debug|Any CPU
		{EBBE0906-FDD2-4E1C-81E0-8C8A0B2C4C75}.Debug|Any CPU.Build.0 = Debug|Any CPU
		{EBBE0906-FDD2-4E1C-81E0-8C8A0B2C4C75}.Release|Any CPU.ActiveCfg = Release|Any CPU
		{EBBE0906-FDD2-4E1C-81E0-8C8A0B2C4C75}.Release|Any CPU.Build.0 = Release|Any CPU
		{8CE1AAFD-55A3-4F3C-9B94-2C2DDE80A54A}.Debug|Any CPU.ActiveCfg = Debug|Any CPU
		{8CE1AAFD-55A3-4F3C-9B94-2C2DDE80A54A}.Debug|Any CPU.Build.0 = Debug|Any CPU
		{8CE1AAFD-55A3-4F3C-9B94-2C2DDE80A54A}.Release|Any CPU.ActiveCfg = Release|Any CPU
		{8CE1AAFD-55A3-4F3C-9B94-2C2DDE80A54A}.Release|Any CPU.Build.0 = Release|Any CPU
		{A42FB38A-133D-4D35-A04B-97AFD36E87A1}.Debug|Any CPU.ActiveCfg = Debug|Any CPU
		{A42FB38A-133D-4D35-A04B-97AFD36E87A1}.Debug|Any CPU.Build.0 = Debug|Any CPU
		{A42FB38A-133D-4D35-A04B-97AFD36E87A1}.Release|Any CPU.ActiveCfg = Release|Any CPU
		{A42FB38A-133D-4D35-A04B-97AFD36E87A1}.Release|Any CPU.Build.0 = Release|Any CPU
		{4F8E24D8-8447-412F-9CBF-395B893AC2B9}.Debug|Any CPU.ActiveCfg = Debug|Any CPU
		{4F8E24D8-8447-412F-9CBF-395B893AC2B9}.Debug|Any CPU.Build.0 = Debug|Any CPU
		{4F8E24D8-8447-412F-9CBF-395B893AC2B9}.Release|Any CPU.ActiveCfg = Release|Any CPU
		{4F8E24D8-8447-412F-9CBF-395B893AC2B9}.Release|Any CPU.Build.0 = Release|Any CPU
		{9EB3414D-E9AB-44E5-815C-5E601EBFA68F}.Debug|Any CPU.ActiveCfg = Debug|Any CPU
		{9EB3414D-E9AB-44E5-815C-5E601EBFA68F}.Debug|Any CPU.Build.0 = Debug|Any CPU
		{9EB3414D-E9AB-44E5-815C-5E601EBFA68F}.Release|Any CPU.ActiveCfg = Release|Any CPU
		{9EB3414D-E9AB-44E5-815C-5E601EBFA68F}.Release|Any CPU.Build.0 = Release|Any CPU
		{0808C9FF-1658-47F3-BE59-5394C9794C94}.Debug|Any CPU.ActiveCfg = Debug|Any CPU
		{0808C9FF-1658-47F3-BE59-5394C9794C94}.Debug|Any CPU.Build.0 = Debug|Any CPU
		{0808C9FF-1658-47F3-BE59-5394C9794C94}.Release|Any CPU.ActiveCfg = Release|Any CPU
		{0808C9FF-1658-47F3-BE59-5394C9794C94}.Release|Any CPU.Build.0 = Release|Any CPU
		{B8B91BE2-753C-44B1-93EA-846873EE19C8}.Debug|Any CPU.ActiveCfg = Debug|Any CPU
		{B8B91BE2-753C-44B1-93EA-846873EE19C8}.Debug|Any CPU.Build.0 = Debug|Any CPU
		{B8B91BE2-753C-44B1-93EA-846873EE19C8}.Release|Any CPU.ActiveCfg = Release|Any CPU
		{B8B91BE2-753C-44B1-93EA-846873EE19C8}.Release|Any CPU.Build.0 = Release|Any CPU
		{914DEC38-5A9B-42A7-A439-3C7AC16E21DC}.Debug|Any CPU.ActiveCfg = Debug|Any CPU
		{914DEC38-5A9B-42A7-A439-3C7AC16E21DC}.Debug|Any CPU.Build.0 = Debug|Any CPU
		{914DEC38-5A9B-42A7-A439-3C7AC16E21DC}.Release|Any CPU.ActiveCfg = Release|Any CPU
		{914DEC38-5A9B-42A7-A439-3C7AC16E21DC}.Release|Any CPU.Build.0 = Release|Any CPU
		{E453E11B-16FF-4781-A2A7-6F77CE085A6B}.Debug|Any CPU.ActiveCfg = Debug|Any CPU
		{E453E11B-16FF-4781-A2A7-6F77CE085A6B}.Debug|Any CPU.Build.0 = Debug|Any CPU
		{E453E11B-16FF-4781-A2A7-6F77CE085A6B}.Release|Any CPU.ActiveCfg = Release|Any CPU
		{E453E11B-16FF-4781-A2A7-6F77CE085A6B}.Release|Any CPU.Build.0 = Release|Any CPU
		{7CA9EC67-6E78-4DEA-B8F9-253900EAAF72}.Debug|Any CPU.ActiveCfg = Debug|Any CPU
		{7CA9EC67-6E78-4DEA-B8F9-253900EAAF72}.Debug|Any CPU.Build.0 = Debug|Any CPU
		{7CA9EC67-6E78-4DEA-B8F9-253900EAAF72}.Release|Any CPU.ActiveCfg = Release|Any CPU
		{7CA9EC67-6E78-4DEA-B8F9-253900EAAF72}.Release|Any CPU.Build.0 = Release|Any CPU
		{7AD86834-024D-42B5-B8E1-E12C760701ED}.Debug|Any CPU.ActiveCfg = Debug|Any CPU
		{7AD86834-024D-42B5-B8E1-E12C760701ED}.Debug|Any CPU.Build.0 = Debug|Any CPU
		{7AD86834-024D-42B5-B8E1-E12C760701ED}.Release|Any CPU.ActiveCfg = Release|Any CPU
		{7AD86834-024D-42B5-B8E1-E12C760701ED}.Release|Any CPU.Build.0 = Release|Any CPU
		{990866DF-0D1D-49DD-B427-B05178AA4B2B}.Debug|Any CPU.ActiveCfg = Debug|Any CPU
		{990866DF-0D1D-49DD-B427-B05178AA4B2B}.Debug|Any CPU.Build.0 = Debug|Any CPU
		{990866DF-0D1D-49DD-B427-B05178AA4B2B}.Release|Any CPU.ActiveCfg = Release|Any CPU
		{990866DF-0D1D-49DD-B427-B05178AA4B2B}.Release|Any CPU.Build.0 = Release|Any CPU
		{007E9A53-472F-4844-A471-436EAE945B81}.Debug|Any CPU.ActiveCfg = Debug|Any CPU
		{007E9A53-472F-4844-A471-436EAE945B81}.Debug|Any CPU.Build.0 = Debug|Any CPU
		{007E9A53-472F-4844-A471-436EAE945B81}.Release|Any CPU.ActiveCfg = Release|Any CPU
		{007E9A53-472F-4844-A471-436EAE945B81}.Release|Any CPU.Build.0 = Release|Any CPU
		{99C33ED3-B0F8-4A83-9E6F-886542ED6032}.Debug|Any CPU.ActiveCfg = Debug|Any CPU
		{99C33ED3-B0F8-4A83-9E6F-886542ED6032}.Debug|Any CPU.Build.0 = Debug|Any CPU
		{99C33ED3-B0F8-4A83-9E6F-886542ED6032}.Release|Any CPU.ActiveCfg = Release|Any CPU
		{99C33ED3-B0F8-4A83-9E6F-886542ED6032}.Release|Any CPU.Build.0 = Release|Any CPU
		{5D7007B6-E113-4DBD-BC8A-64A338BFBDA4}.Debug|Any CPU.ActiveCfg = Debug|Any CPU
		{5D7007B6-E113-4DBD-BC8A-64A338BFBDA4}.Debug|Any CPU.Build.0 = Debug|Any CPU
		{5D7007B6-E113-4DBD-BC8A-64A338BFBDA4}.Release|Any CPU.ActiveCfg = Release|Any CPU
		{5D7007B6-E113-4DBD-BC8A-64A338BFBDA4}.Release|Any CPU.Build.0 = Release|Any CPU
		{01A3CDA6-1015-438B-9AD7-22C092781870}.Debug|Any CPU.ActiveCfg = Debug|Any CPU
		{01A3CDA6-1015-438B-9AD7-22C092781870}.Debug|Any CPU.Build.0 = Debug|Any CPU
		{01A3CDA6-1015-438B-9AD7-22C092781870}.Release|Any CPU.ActiveCfg = Release|Any CPU
		{01A3CDA6-1015-438B-9AD7-22C092781870}.Release|Any CPU.Build.0 = Release|Any CPU
		{90BF6832-2C26-4C60-9CAC-E6C04B25AEF8}.Debug|Any CPU.ActiveCfg = Debug|Any CPU
		{90BF6832-2C26-4C60-9CAC-E6C04B25AEF8}.Debug|Any CPU.Build.0 = Debug|Any CPU
		{90BF6832-2C26-4C60-9CAC-E6C04B25AEF8}.Release|Any CPU.ActiveCfg = Release|Any CPU
		{90BF6832-2C26-4C60-9CAC-E6C04B25AEF8}.Release|Any CPU.Build.0 = Release|Any CPU
		{58A3F706-ED31-4F6C-831B-BA1BD9C4EFCD}.Debug|Any CPU.ActiveCfg = Debug|Any CPU
		{58A3F706-ED31-4F6C-831B-BA1BD9C4EFCD}.Debug|Any CPU.Build.0 = Debug|Any CPU
		{58A3F706-ED31-4F6C-831B-BA1BD9C4EFCD}.Release|Any CPU.ActiveCfg = Release|Any CPU
		{58A3F706-ED31-4F6C-831B-BA1BD9C4EFCD}.Release|Any CPU.Build.0 = Release|Any CPU
		{82F78EE4-CAD8-4587-AA55-85EEA4A5FDEB}.Debug|Any CPU.ActiveCfg = Debug|Any CPU
		{82F78EE4-CAD8-4587-AA55-85EEA4A5FDEB}.Debug|Any CPU.Build.0 = Debug|Any CPU
		{82F78EE4-CAD8-4587-AA55-85EEA4A5FDEB}.Release|Any CPU.ActiveCfg = Release|Any CPU
		{82F78EE4-CAD8-4587-AA55-85EEA4A5FDEB}.Release|Any CPU.Build.0 = Release|Any CPU
		{5A34AFF9-1735-42AB-B8F5-D1C39DB1F32A}.Debug|Any CPU.ActiveCfg = Debug|Any CPU
		{5A34AFF9-1735-42AB-B8F5-D1C39DB1F32A}.Debug|Any CPU.Build.0 = Debug|Any CPU
		{5A34AFF9-1735-42AB-B8F5-D1C39DB1F32A}.Release|Any CPU.ActiveCfg = Release|Any CPU
		{5A34AFF9-1735-42AB-B8F5-D1C39DB1F32A}.Release|Any CPU.Build.0 = Release|Any CPU
		{C69399BA-D5E1-4A49-A9CB-6E41DA937244}.Debug|Any CPU.ActiveCfg = Debug|Any CPU
		{C69399BA-D5E1-4A49-A9CB-6E41DA937244}.Debug|Any CPU.Build.0 = Debug|Any CPU
		{C69399BA-D5E1-4A49-A9CB-6E41DA937244}.Release|Any CPU.ActiveCfg = Release|Any CPU
		{C69399BA-D5E1-4A49-A9CB-6E41DA937244}.Release|Any CPU.Build.0 = Release|Any CPU
		{166E2B19-4C2E-41AB-9419-5955208538AC}.Debug|Any CPU.ActiveCfg = Debug|Any CPU
		{166E2B19-4C2E-41AB-9419-5955208538AC}.Debug|Any CPU.Build.0 = Debug|Any CPU
		{166E2B19-4C2E-41AB-9419-5955208538AC}.Release|Any CPU.ActiveCfg = Release|Any CPU
		{166E2B19-4C2E-41AB-9419-5955208538AC}.Release|Any CPU.Build.0 = Release|Any CPU
		{29205856-1B48-4746-A5E2-BCDA217B489F}.Debug|Any CPU.ActiveCfg = Debug|Any CPU
		{29205856-1B48-4746-A5E2-BCDA217B489F}.Debug|Any CPU.Build.0 = Debug|Any CPU
		{29205856-1B48-4746-A5E2-BCDA217B489F}.Release|Any CPU.ActiveCfg = Release|Any CPU
		{29205856-1B48-4746-A5E2-BCDA217B489F}.Release|Any CPU.Build.0 = Release|Any CPU
		{571FCBED-F5C8-4587-8EB6-A356CDF20D14}.Debug|Any CPU.ActiveCfg = Debug|Any CPU
		{571FCBED-F5C8-4587-8EB6-A356CDF20D14}.Debug|Any CPU.Build.0 = Debug|Any CPU
		{571FCBED-F5C8-4587-8EB6-A356CDF20D14}.Release|Any CPU.ActiveCfg = Release|Any CPU
		{571FCBED-F5C8-4587-8EB6-A356CDF20D14}.Release|Any CPU.Build.0 = Release|Any CPU
		{E2DC757A-44F5-4EB8-8088-55C856C1F5B8}.Debug|Any CPU.ActiveCfg = Debug|Any CPU
		{E2DC757A-44F5-4EB8-8088-55C856C1F5B8}.Debug|Any CPU.Build.0 = Debug|Any CPU
		{E2DC757A-44F5-4EB8-8088-55C856C1F5B8}.Release|Any CPU.ActiveCfg = Release|Any CPU
		{E2DC757A-44F5-4EB8-8088-55C856C1F5B8}.Release|Any CPU.Build.0 = Release|Any CPU
		{BCFDE86C-96EE-4D2D-8244-4474533D30BC}.Debug|Any CPU.ActiveCfg = Debug|Any CPU
		{BCFDE86C-96EE-4D2D-8244-4474533D30BC}.Debug|Any CPU.Build.0 = Debug|Any CPU
		{BCFDE86C-96EE-4D2D-8244-4474533D30BC}.Release|Any CPU.ActiveCfg = Release|Any CPU
		{BCFDE86C-96EE-4D2D-8244-4474533D30BC}.Release|Any CPU.Build.0 = Release|Any CPU
		{6E25092E-CB6D-4B9A-826E-2B59886F4333}.Debug|Any CPU.ActiveCfg = Debug|Any CPU
		{6E25092E-CB6D-4B9A-826E-2B59886F4333}.Debug|Any CPU.Build.0 = Debug|Any CPU
		{6E25092E-CB6D-4B9A-826E-2B59886F4333}.Release|Any CPU.ActiveCfg = Release|Any CPU
		{6E25092E-CB6D-4B9A-826E-2B59886F4333}.Release|Any CPU.Build.0 = Release|Any CPU
		{159E2877-EFC0-421B-8AB8-0F2FCB5856FB}.Debug|Any CPU.ActiveCfg = Debug|Any CPU
		{159E2877-EFC0-421B-8AB8-0F2FCB5856FB}.Debug|Any CPU.Build.0 = Debug|Any CPU
		{159E2877-EFC0-421B-8AB8-0F2FCB5856FB}.Release|Any CPU.ActiveCfg = Release|Any CPU
		{159E2877-EFC0-421B-8AB8-0F2FCB5856FB}.Release|Any CPU.Build.0 = Release|Any CPU
		{726C0FC5-2019-4DCE-8190-D8EC7E8AE1F8}.Debug|Any CPU.ActiveCfg = Debug|Any CPU
		{726C0FC5-2019-4DCE-8190-D8EC7E8AE1F8}.Debug|Any CPU.Build.0 = Debug|Any CPU
		{726C0FC5-2019-4DCE-8190-D8EC7E8AE1F8}.Release|Any CPU.ActiveCfg = Release|Any CPU
		{726C0FC5-2019-4DCE-8190-D8EC7E8AE1F8}.Release|Any CPU.Build.0 = Release|Any CPU
		{DA7CB443-7428-4979-85F8-17886E316500}.Debug|Any CPU.ActiveCfg = Debug|Any CPU
		{DA7CB443-7428-4979-85F8-17886E316500}.Debug|Any CPU.Build.0 = Debug|Any CPU
		{DA7CB443-7428-4979-85F8-17886E316500}.Release|Any CPU.ActiveCfg = Release|Any CPU
		{DA7CB443-7428-4979-85F8-17886E316500}.Release|Any CPU.Build.0 = Release|Any CPU
		{45F03286-3637-4438-8353-7C2FA3414FBB}.Debug|Any CPU.ActiveCfg = Debug|Any CPU
		{45F03286-3637-4438-8353-7C2FA3414FBB}.Debug|Any CPU.Build.0 = Debug|Any CPU
		{45F03286-3637-4438-8353-7C2FA3414FBB}.Release|Any CPU.ActiveCfg = Release|Any CPU
		{45F03286-3637-4438-8353-7C2FA3414FBB}.Release|Any CPU.Build.0 = Release|Any CPU
		{CC83776B-65DB-4253-B5B0-61592CE19080}.Debug|Any CPU.ActiveCfg = Debug|Any CPU
		{CC83776B-65DB-4253-B5B0-61592CE19080}.Debug|Any CPU.Build.0 = Debug|Any CPU
		{CC83776B-65DB-4253-B5B0-61592CE19080}.Release|Any CPU.ActiveCfg = Release|Any CPU
		{CC83776B-65DB-4253-B5B0-61592CE19080}.Release|Any CPU.Build.0 = Release|Any CPU
		{13BA536D-F175-43F4-9604-575DFC8E8E73}.Debug|Any CPU.ActiveCfg = Debug|Any CPU
		{13BA536D-F175-43F4-9604-575DFC8E8E73}.Debug|Any CPU.Build.0 = Debug|Any CPU
		{13BA536D-F175-43F4-9604-575DFC8E8E73}.Release|Any CPU.ActiveCfg = Release|Any CPU
		{13BA536D-F175-43F4-9604-575DFC8E8E73}.Release|Any CPU.Build.0 = Release|Any CPU
		{CFDAEE70-E069-47FF-BCA7-F6496C87A8E9}.Debug|Any CPU.ActiveCfg = Debug|Any CPU
		{CFDAEE70-E069-47FF-BCA7-F6496C87A8E9}.Debug|Any CPU.Build.0 = Debug|Any CPU
		{CFDAEE70-E069-47FF-BCA7-F6496C87A8E9}.Release|Any CPU.ActiveCfg = Release|Any CPU
		{CFDAEE70-E069-47FF-BCA7-F6496C87A8E9}.Release|Any CPU.Build.0 = Release|Any CPU
		{E261E4DD-ADFB-4CC4-97A3-68D9D217FC25}.Debug|Any CPU.ActiveCfg = Debug|Any CPU
		{E261E4DD-ADFB-4CC4-97A3-68D9D217FC25}.Debug|Any CPU.Build.0 = Debug|Any CPU
		{E261E4DD-ADFB-4CC4-97A3-68D9D217FC25}.Release|Any CPU.ActiveCfg = Release|Any CPU
		{E261E4DD-ADFB-4CC4-97A3-68D9D217FC25}.Release|Any CPU.Build.0 = Release|Any CPU
		{F8506EC7-DA8A-4EC3-AB62-B278EBF6F261}.Debug|Any CPU.ActiveCfg = Debug|Any CPU
		{F8506EC7-DA8A-4EC3-AB62-B278EBF6F261}.Debug|Any CPU.Build.0 = Debug|Any CPU
		{F8506EC7-DA8A-4EC3-AB62-B278EBF6F261}.Release|Any CPU.ActiveCfg = Release|Any CPU
		{F8506EC7-DA8A-4EC3-AB62-B278EBF6F261}.Release|Any CPU.Build.0 = Release|Any CPU
		{803C660F-B8E8-4D9E-A645-938C7FF93396}.Debug|Any CPU.ActiveCfg = Debug|Any CPU
		{803C660F-B8E8-4D9E-A645-938C7FF93396}.Debug|Any CPU.Build.0 = Debug|Any CPU
		{803C660F-B8E8-4D9E-A645-938C7FF93396}.Release|Any CPU.ActiveCfg = Release|Any CPU
		{803C660F-B8E8-4D9E-A645-938C7FF93396}.Release|Any CPU.Build.0 = Release|Any CPU
		{17F41914-04A4-4E40-9507-B46631FB0D33}.Debug|Any CPU.ActiveCfg = Debug|Any CPU
		{17F41914-04A4-4E40-9507-B46631FB0D33}.Debug|Any CPU.Build.0 = Debug|Any CPU
		{17F41914-04A4-4E40-9507-B46631FB0D33}.Release|Any CPU.ActiveCfg = Release|Any CPU
		{17F41914-04A4-4E40-9507-B46631FB0D33}.Release|Any CPU.Build.0 = Release|Any CPU
		{3BB0350F-949F-4E03-A18C-6C28BCC07CE1}.Debug|Any CPU.ActiveCfg = Debug|Any CPU
		{3BB0350F-949F-4E03-A18C-6C28BCC07CE1}.Debug|Any CPU.Build.0 = Debug|Any CPU
		{3BB0350F-949F-4E03-A18C-6C28BCC07CE1}.Release|Any CPU.ActiveCfg = Release|Any CPU
		{3BB0350F-949F-4E03-A18C-6C28BCC07CE1}.Release|Any CPU.Build.0 = Release|Any CPU
		{B7382ABE-2F6D-48F2-9F39-F4B8B0610B36}.Debug|Any CPU.ActiveCfg = Debug|Any CPU
		{B7382ABE-2F6D-48F2-9F39-F4B8B0610B36}.Debug|Any CPU.Build.0 = Debug|Any CPU
		{B7382ABE-2F6D-48F2-9F39-F4B8B0610B36}.Release|Any CPU.ActiveCfg = Release|Any CPU
		{B7382ABE-2F6D-48F2-9F39-F4B8B0610B36}.Release|Any CPU.Build.0 = Release|Any CPU
		{375EFAD9-A976-4884-9CE9-9537D9CCC7CA}.Debug|Any CPU.ActiveCfg = Debug|Any CPU
		{375EFAD9-A976-4884-9CE9-9537D9CCC7CA}.Debug|Any CPU.Build.0 = Debug|Any CPU
		{375EFAD9-A976-4884-9CE9-9537D9CCC7CA}.Release|Any CPU.ActiveCfg = Release|Any CPU
		{375EFAD9-A976-4884-9CE9-9537D9CCC7CA}.Release|Any CPU.Build.0 = Release|Any CPU
		{5DB4A9FF-2984-40D4-BA12-6582E1BCE3C8}.Debug|Any CPU.ActiveCfg = Debug|Any CPU
		{5DB4A9FF-2984-40D4-BA12-6582E1BCE3C8}.Debug|Any CPU.Build.0 = Debug|Any CPU
		{5DB4A9FF-2984-40D4-BA12-6582E1BCE3C8}.Release|Any CPU.ActiveCfg = Release|Any CPU
		{5DB4A9FF-2984-40D4-BA12-6582E1BCE3C8}.Release|Any CPU.Build.0 = Release|Any CPU
		{129DFCDB-80C8-48D3-BFDC-8B709141127B}.Debug|Any CPU.ActiveCfg = Debug|Any CPU
		{129DFCDB-80C8-48D3-BFDC-8B709141127B}.Debug|Any CPU.Build.0 = Debug|Any CPU
		{129DFCDB-80C8-48D3-BFDC-8B709141127B}.Release|Any CPU.ActiveCfg = Release|Any CPU
		{129DFCDB-80C8-48D3-BFDC-8B709141127B}.Release|Any CPU.Build.0 = Release|Any CPU
		{924E4661-1D76-4F13-8B30-24822A92CCE5}.Debug|Any CPU.ActiveCfg = Debug|Any CPU
		{924E4661-1D76-4F13-8B30-24822A92CCE5}.Debug|Any CPU.Build.0 = Debug|Any CPU
		{924E4661-1D76-4F13-8B30-24822A92CCE5}.Release|Any CPU.ActiveCfg = Release|Any CPU
		{924E4661-1D76-4F13-8B30-24822A92CCE5}.Release|Any CPU.Build.0 = Release|Any CPU
		{47D25683-A57D-4185-9317-DBF74BF3C57E}.Debug|Any CPU.ActiveCfg = Debug|Any CPU
		{47D25683-A57D-4185-9317-DBF74BF3C57E}.Debug|Any CPU.Build.0 = Debug|Any CPU
		{47D25683-A57D-4185-9317-DBF74BF3C57E}.Release|Any CPU.ActiveCfg = Release|Any CPU
		{47D25683-A57D-4185-9317-DBF74BF3C57E}.Release|Any CPU.Build.0 = Release|Any CPU
		{34AE5D8C-E65A-43C2-A724-54D579F6EB77}.Debug|Any CPU.ActiveCfg = Debug|Any CPU
		{34AE5D8C-E65A-43C2-A724-54D579F6EB77}.Debug|Any CPU.Build.0 = Debug|Any CPU
		{34AE5D8C-E65A-43C2-A724-54D579F6EB77}.Release|Any CPU.ActiveCfg = Release|Any CPU
		{34AE5D8C-E65A-43C2-A724-54D579F6EB77}.Release|Any CPU.Build.0 = Release|Any CPU
		{E584EBAB-96EC-49B2-8329-7427A8E4E387}.Debug|Any CPU.ActiveCfg = Debug|Any CPU
		{E584EBAB-96EC-49B2-8329-7427A8E4E387}.Debug|Any CPU.Build.0 = Debug|Any CPU
		{E584EBAB-96EC-49B2-8329-7427A8E4E387}.Release|Any CPU.ActiveCfg = Release|Any CPU
		{E584EBAB-96EC-49B2-8329-7427A8E4E387}.Release|Any CPU.Build.0 = Release|Any CPU
		{5EB15599-CF6B-48A8-A48C-C5DB23718E65}.Debug|Any CPU.ActiveCfg = Debug|Any CPU
		{5EB15599-CF6B-48A8-A48C-C5DB23718E65}.Debug|Any CPU.Build.0 = Debug|Any CPU
		{5EB15599-CF6B-48A8-A48C-C5DB23718E65}.Release|Any CPU.ActiveCfg = Release|Any CPU
		{5EB15599-CF6B-48A8-A48C-C5DB23718E65}.Release|Any CPU.Build.0 = Release|Any CPU
		{BFBC5275-B57C-43A2-BE33-3B61504D9122}.Debug|Any CPU.ActiveCfg = Debug|Any CPU
		{BFBC5275-B57C-43A2-BE33-3B61504D9122}.Debug|Any CPU.Build.0 = Debug|Any CPU
		{BFBC5275-B57C-43A2-BE33-3B61504D9122}.Release|Any CPU.ActiveCfg = Release|Any CPU
		{BFBC5275-B57C-43A2-BE33-3B61504D9122}.Release|Any CPU.Build.0 = Release|Any CPU
		{A6F63B2A-8165-4249-A845-6D0B36309C77}.Debug|Any CPU.ActiveCfg = Debug|Any CPU
		{A6F63B2A-8165-4249-A845-6D0B36309C77}.Debug|Any CPU.Build.0 = Debug|Any CPU
		{A6F63B2A-8165-4249-A845-6D0B36309C77}.Release|Any CPU.ActiveCfg = Release|Any CPU
		{A6F63B2A-8165-4249-A845-6D0B36309C77}.Release|Any CPU.Build.0 = Release|Any CPU
		{461BEE7A-3271-4D87-885D-4A6C4AA8B5E3}.Debug|Any CPU.ActiveCfg = Debug|Any CPU
		{461BEE7A-3271-4D87-885D-4A6C4AA8B5E3}.Debug|Any CPU.Build.0 = Debug|Any CPU
		{461BEE7A-3271-4D87-885D-4A6C4AA8B5E3}.Release|Any CPU.ActiveCfg = Release|Any CPU
		{461BEE7A-3271-4D87-885D-4A6C4AA8B5E3}.Release|Any CPU.Build.0 = Release|Any CPU
		{8ADB133F-1DF2-4C22-9B10-64F68B9CCBD8}.Debug|Any CPU.ActiveCfg = Debug|Any CPU
		{8ADB133F-1DF2-4C22-9B10-64F68B9CCBD8}.Debug|Any CPU.Build.0 = Debug|Any CPU
		{8ADB133F-1DF2-4C22-9B10-64F68B9CCBD8}.Release|Any CPU.ActiveCfg = Release|Any CPU
		{8ADB133F-1DF2-4C22-9B10-64F68B9CCBD8}.Release|Any CPU.Build.0 = Release|Any CPU
		{4B5FC7BB-A638-498A-A95A-D4BC133387A3}.Debug|Any CPU.ActiveCfg = Debug|Any CPU
		{4B5FC7BB-A638-498A-A95A-D4BC133387A3}.Debug|Any CPU.Build.0 = Debug|Any CPU
		{4B5FC7BB-A638-498A-A95A-D4BC133387A3}.Release|Any CPU.ActiveCfg = Release|Any CPU
		{4B5FC7BB-A638-498A-A95A-D4BC133387A3}.Release|Any CPU.Build.0 = Release|Any CPU
		{138A59D4-356F-4905-BBE2-D07E97C4CCB5}.Debug|Any CPU.ActiveCfg = Debug|Any CPU
		{138A59D4-356F-4905-BBE2-D07E97C4CCB5}.Debug|Any CPU.Build.0 = Debug|Any CPU
		{138A59D4-356F-4905-BBE2-D07E97C4CCB5}.Release|Any CPU.ActiveCfg = Release|Any CPU
		{138A59D4-356F-4905-BBE2-D07E97C4CCB5}.Release|Any CPU.Build.0 = Release|Any CPU
		{F89D1AF4-E73D-4943-A47A-53B3EBA5C517}.Debug|Any CPU.ActiveCfg = Debug|Any CPU
		{F89D1AF4-E73D-4943-A47A-53B3EBA5C517}.Debug|Any CPU.Build.0 = Debug|Any CPU
		{F89D1AF4-E73D-4943-A47A-53B3EBA5C517}.Release|Any CPU.ActiveCfg = Release|Any CPU
		{F89D1AF4-E73D-4943-A47A-53B3EBA5C517}.Release|Any CPU.Build.0 = Release|Any CPU
		{251F7378-7B32-4605-84FB-3AEF879F3813}.Debug|Any CPU.ActiveCfg = Debug|Any CPU
		{251F7378-7B32-4605-84FB-3AEF879F3813}.Debug|Any CPU.Build.0 = Debug|Any CPU
		{251F7378-7B32-4605-84FB-3AEF879F3813}.Release|Any CPU.ActiveCfg = Release|Any CPU
		{251F7378-7B32-4605-84FB-3AEF879F3813}.Release|Any CPU.Build.0 = Release|Any CPU
		{3D37D2BC-1513-4B85-92FC-77F6522D005A}.Debug|Any CPU.ActiveCfg = Debug|Any CPU
		{3D37D2BC-1513-4B85-92FC-77F6522D005A}.Debug|Any CPU.Build.0 = Debug|Any CPU
		{3D37D2BC-1513-4B85-92FC-77F6522D005A}.Release|Any CPU.ActiveCfg = Release|Any CPU
		{3D37D2BC-1513-4B85-92FC-77F6522D005A}.Release|Any CPU.Build.0 = Release|Any CPU
		{B992E8C7-632E-48B6-A13A-85EF3C2D63F6}.Debug|Any CPU.ActiveCfg = Debug|Any CPU
		{B992E8C7-632E-48B6-A13A-85EF3C2D63F6}.Debug|Any CPU.Build.0 = Debug|Any CPU
		{B992E8C7-632E-48B6-A13A-85EF3C2D63F6}.Release|Any CPU.ActiveCfg = Release|Any CPU
		{B992E8C7-632E-48B6-A13A-85EF3C2D63F6}.Release|Any CPU.Build.0 = Release|Any CPU
		{F6214C1E-4FBB-4FD7-84E8-B32732AC6247}.Debug|Any CPU.ActiveCfg = Debug|Any CPU
		{F6214C1E-4FBB-4FD7-84E8-B32732AC6247}.Debug|Any CPU.Build.0 = Debug|Any CPU
		{F6214C1E-4FBB-4FD7-84E8-B32732AC6247}.Release|Any CPU.ActiveCfg = Release|Any CPU
		{F6214C1E-4FBB-4FD7-84E8-B32732AC6247}.Release|Any CPU.Build.0 = Release|Any CPU
		{A5B00080-B1E9-4409-8F6F-E057CE5EFFDF}.Debug|Any CPU.ActiveCfg = Debug|Any CPU
		{A5B00080-B1E9-4409-8F6F-E057CE5EFFDF}.Debug|Any CPU.Build.0 = Debug|Any CPU
		{A5B00080-B1E9-4409-8F6F-E057CE5EFFDF}.Release|Any CPU.ActiveCfg = Release|Any CPU
		{A5B00080-B1E9-4409-8F6F-E057CE5EFFDF}.Release|Any CPU.Build.0 = Release|Any CPU
		{1F9DD43C-C8AB-44F2-9F3D-77908DDAE095}.Debug|Any CPU.ActiveCfg = Debug|Any CPU
		{1F9DD43C-C8AB-44F2-9F3D-77908DDAE095}.Debug|Any CPU.Build.0 = Debug|Any CPU
		{1F9DD43C-C8AB-44F2-9F3D-77908DDAE095}.Release|Any CPU.ActiveCfg = Release|Any CPU
		{1F9DD43C-C8AB-44F2-9F3D-77908DDAE095}.Release|Any CPU.Build.0 = Release|Any CPU
	EndGlobalSection
	GlobalSection(SolutionProperties) = preSolution
		HideSolutionNode = FALSE
	EndGlobalSection
	GlobalSection(ExtensibilityGlobals) = postSolution
		SolutionGuid = {3793C711-DEA4-41AE-9A61-52C7F2B0ECF9}
	EndGlobalSection
EndGlobal
