
Microsoft Visual Studio Solution File, Format Version 12.00
# Visual Studio Version 16
VisualStudioVersion = 16.0.31702.278
MinimumVisualStudioVersion = 10.0.40219.1
Project("{9A19103F-16F7-4668-BE54-9A1E7A4F7556}") = "SoftuniCoffeeSupply", "finalExam\SoftuniCoffeeSupply.csproj", "{E1DF29BD-F5D7-4450-B89A-3360BB699EB2}"
EndProject
Project("{9A19103F-16F7-4668-BE54-9A1E7A4F7556}") = "SweetDesert", "SweetDesert\SweetDesert.csproj", "{74BF1630-5CD8-4445-9F49-A984489BE4E2}"
EndProject
Project("{9A19103F-16F7-4668-BE54-9A1E7A4F7556}") = "Files", "Files\Files.csproj", "{2E84618C-9430-42A3-B1E3-1A9438E059FF}"
EndProject
Project("{9A19103F-16F7-4668-BE54-9A1E7A4F7556}") = "MagicExchangebleWords", "MagicExchangebleWords\MagicExchangebleWords.csproj", "{0A33F6FF-AAD5-4B22-9C2B-0AB1A46F7CFC}"
EndProject
Project("{9A19103F-16F7-4668-BE54-9A1E7A4F7556}") = "TheaThePhotographer", "TheaThePhotographer\TheaThePhotographer.csproj", "{1984AA6B-C881-4499-832E-9566712ECD2B}"
EndProject
Project("{9A19103F-16F7-4668-BE54-9A1E7A4F7556}") = "TrophonCat", "TrophonCat\TrophonCat.csproj", "{8DAE5EAA-A4A3-4261-8D0B-F1CB95018241}"
EndProject
Project("{9A19103F-16F7-4668-BE54-9A1E7A4F7556}") = "Portal", "Portal\Portal.csproj", "{2B9362F7-D269-4EDB-8CA0-DF7B1B017829}"
EndProject
Project("{9A19103F-16F7-4668-BE54-9A1E7A4F7556}") = "FootballLeague", "FootballLeague\FootballLeague.csproj", "{26FC0B67-24D2-42C4-B8AE-9924881F3168}"
EndProject
Project("{9A19103F-16F7-4668-BE54-9A1E7A4F7556}") = "CubicMessages", "CubicMessages\CubicMessages.csproj", "{E65911EE-5FFF-47B7-96BD-4A9F140747A2}"
EndProject
Project("{9A19103F-16F7-4668-BE54-9A1E7A4F7556}") = "ArrayManipulator", "ArrayManipulator\ArrayManipulator.csproj", "{20E1E87A-DC74-4269-B367-1547ED389D3A}"
EndProject
Project("{9A19103F-16F7-4668-BE54-9A1E7A4F7556}") = "WinningTicket", "WinningTicket\WinningTicket.csproj", "{6609B1C8-ADA1-4FFE-BC48-C45153683B25}"
EndProject
Project("{9A19103F-16F7-4668-BE54-9A1E7A4F7556}") = "SoftuniKaraoke", "SoftuniKaraoke\SoftuniKaraoke.csproj", "{3BE3D7B3-955A-4CD0-B424-7E3ACE02004C}"
EndProject
Project("{9A19103F-16F7-4668-BE54-9A1E7A4F7556}") = "EnduranceRally", "EnduranceRally\EnduranceRally.csproj", "{8E286DB3-3DC0-412A-93B2-3A245152AEBD}"
EndProject
Project("{9A19103F-16F7-4668-BE54-9A1E7A4F7556}") = "RoliTheCoder", "RoliTheCoder\RoliTheCoder.csproj", "{E06E14A9-6EA9-4F88-B2EC-9E6000195764}"
EndProject
Project("{9A19103F-16F7-4668-BE54-9A1E7A4F7556}") = "NetherRealms", "NetherRealms\NetherRealms.csproj", "{68509943-499A-41F5-95A3-BC4EE978FF23}"
EndProject
Project("{9A19103F-16F7-4668-BE54-9A1E7A4F7556}") = "HornetComm", "HornetComm\HornetComm.csproj", "{6C5FCD7A-4FB7-4A98-AEE3-194A190360FF}"
EndProject
Project("{9A19103F-16F7-4668-BE54-9A1E7A4F7556}") = "HornetArmada", "HornetArmada\HornetArmada.csproj", "{801AD099-CAA5-441C-995A-95D08E60E766}"
EndProject
Project("{9A19103F-16F7-4668-BE54-9A1E7A4F7556}") = "PopulationAggregation", "PopulationAggregation\PopulationAggregation.csproj", "{C43959D7-4E94-48B0-8DC5-75BC76F4269E}"
EndProject
Project("{9A19103F-16F7-4668-BE54-9A1E7A4F7556}") = "RageQuit", "RageQuit\RageQuit.csproj", "{A2A6C693-FF6C-498A-8673-B82C7F6C4DD2}"
EndProject
Project("{9A19103F-16F7-4668-BE54-9A1E7A4F7556}") = "PhoenixOscar", "PhoenixOscar\PhoenixOscar.csproj", "{6A13B6D9-B3E9-4F8E-8F2B-6D445B233BF4}"
EndProject
Project("{9A19103F-16F7-4668-BE54-9A1E7A4F7556}") = "PhoenicGrid", "PhoenicGrid\PhoenicGrid.csproj", "{3E12400F-21E2-492B-A464-E060D8B6BDF3}"
EndProject
Project("{9A19103F-16F7-4668-BE54-9A1E7A4F7556}") = "Trainers", "Trainers\Trainers.csproj", "{1324542B-AD50-488F-96F9-D4487BB400C1}"
EndProject
Project("{9A19103F-16F7-4668-BE54-9A1E7A4F7556}") = "Trainegram", "Trainegram\Trainegram.csproj", "{2E389D78-08F0-41E3-AD45-215DA440BAD6}"
EndProject
Project("{9A19103F-16F7-4668-BE54-9A1E7A4F7556}") = "SpyGram", "SpyGram\SpyGram.csproj", "{BE0472D2-B8EE-4815-8679-740FC3B4B52E}"
EndProject
Project("{9A19103F-16F7-4668-BE54-9A1E7A4F7556}") = "NSA", "NSA\NSA.csproj", "{C0343778-4E57-423E-8EC2-E549D9F76BC6}"
EndProject
Project("{9A19103F-16F7-4668-BE54-9A1E7A4F7556}") = "WOrmIpsum", "WOrmIpsum\WOrmIpsum.csproj", "{550A9497-E83A-4024-8974-ACCD655C047E}"
EndProject
Project("{9A19103F-16F7-4668-BE54-9A1E7A4F7556}") = "WormsWorldParty", "WormsWorldParty\WormsWorldParty.csproj", "{A5629D1B-DA2B-40CF-A4D6-EBB7DE6A031C}"
EndProject
Project("{9A19103F-16F7-4668-BE54-9A1E7A4F7556}") = "EmojiDetector", "EmojiDetector\EmojiDetector.csproj", "{2BBB7DF6-B021-4E56-8CCB-2FDDA763B516}"
EndProject
Project("{9A19103F-16F7-4668-BE54-9A1E7A4F7556}") = "ActivationKeys", "ActivationKeys\ActivationKeys.csproj", "{D676F429-590D-4031-833D-D226242E7F6E}"
EndProject
Project("{9A19103F-16F7-4668-BE54-9A1E7A4F7556}") = "Pirates", "Pirates\Pirates.csproj", "{AB0F47C6-980B-436E-BA64-77A12AE6668F}"
EndProject
Project("{9A19103F-16F7-4668-BE54-9A1E7A4F7556}") = "THeImitationGame", "THeImitationGame\THeImitationGame.csproj", "{2B553044-CA01-4CBE-8FDD-3B9D315CFDC1}"
EndProject
Project("{9A19103F-16F7-4668-BE54-9A1E7A4F7556}") = "ThePianist", "ThePianist\ThePianist.csproj", "{FAD7BBBB-ED06-46BF-AA1E-D59C0766D93C}"
EndProject
Project("{9A19103F-16F7-4668-BE54-9A1E7A4F7556}") = "PlantDiscovery", "PlantDiscovery\PlantDiscovery.csproj", "{A8A0BC84-D55B-470A-A04A-19E9D31755B1}"
EndProject
Project("{9A19103F-16F7-4668-BE54-9A1E7A4F7556}") = "WorldTour", "WorldTour\WorldTour.csproj", "{13320442-81B5-40D8-9AAF-3BEB61DB4C4B}"
EndProject
Project("{9A19103F-16F7-4668-BE54-9A1E7A4F7556}") = "DestinationMapper", "DestinationMapper\DestinationMapper.csproj", "{BD6F6B1E-CD7C-42D2-A2DE-B2F7875D8948}"
EndProject
Project("{9A19103F-16F7-4668-BE54-9A1E7A4F7556}") = "MirrorWords", "MirrorWords\MirrorWords.csproj", "{A0A26D78-BA0C-43FB-A00A-A2397CA87547}"
EndProject
Project("{9A19103F-16F7-4668-BE54-9A1E7A4F7556}") = "SecretCHat", "SecretCHat\SecretCHat.csproj", "{64E00C36-0562-40E0-8BA9-EBADE8498F1D}"
EndProject
Project("{9A19103F-16F7-4668-BE54-9A1E7A4F7556}") = "FancyBarcodes", "FancyBarcodes\FancyBarcodes.csproj", "{087CE947-7BC7-48DC-8C80-B827469CFC1B}"
EndProject
Project("{9A19103F-16F7-4668-BE54-9A1E7A4F7556}") = "HeroesOfCodeAndLogic", "HeroesOfCodeAndLogic\HeroesOfCodeAndLogic.csproj", "{467BEE28-42DB-4A39-B1EE-4E5DBA98C9F2}"
EndProject
Project("{9A19103F-16F7-4668-BE54-9A1E7A4F7556}") = "PasswordResset", "PasswordResset\PasswordResset.csproj", "{DBE5AFC9-A26B-447C-8D44-9950CE154ECE}"
EndProject
Project("{9A19103F-16F7-4668-BE54-9A1E7A4F7556}") = "AnonimousVox", "AnonimousVox\AnonimousVox.csproj", "{BA8EF737-3727-4658-A4C0-C978B0B4DD92}"
EndProject
Project("{9A19103F-16F7-4668-BE54-9A1E7A4F7556}") = "AnonimousCache", "AnonimousCache\AnonimousCache.csproj", "{6BF60B6D-B6A9-4CF4-9006-ADE4A1FB8FDE}"
EndProject
Project("{9A19103F-16F7-4668-BE54-9A1E7A4F7556}") = "PokemonEvolution", "PokemonEvolution\PokemonEvolution.csproj", "{D13C67D0-64EA-41ED-9D27-C85847AD3FDD}"
EndProject
Project("{9A19103F-16F7-4668-BE54-9A1E7A4F7556}") = "RegexMon", "RegexMon\RegexMon.csproj", "{2F5F74C1-9DEC-467B-83B3-5CE58A44BD96}"
EndProject
Project("{9A19103F-16F7-4668-BE54-9A1E7A4F7556}") = "HornetAssaut", "HornetAssaut\HornetAssaut.csproj", "{38FC052F-A0CC-480F-831C-4433FFACAF51}"
EndProject
Project("{9A19103F-16F7-4668-BE54-9A1E7A4F7556}") = "VehiclePark", "VehiclePark\VehiclePark.csproj", "{33E5B37A-5021-4A73-8E6D-F7DD7EA21AE9}"
EndProject
Project("{9A19103F-16F7-4668-BE54-9A1E7A4F7556}") = "DressPatte", "DressPatte\DressPatte.csproj", "{71395B04-80E2-4115-BA93-343EB3A3CD0F}"
EndProject
Project("{9A19103F-16F7-4668-BE54-9A1E7A4F7556}") = "Pass02", "Pass02\Pass02.csproj", "{99ED5F94-9830-47DF-BB5D-DAF9D79D7FCE}"
EndProject
Project("{9A19103F-16F7-4668-BE54-9A1E7A4F7556}") = "SantasNewList", "SantasNewList\SantasNewList.csproj", "{4FF954AF-D9BE-4857-9EBE-DA6D271916B7}"
EndProject
Project("{9A19103F-16F7-4668-BE54-9A1E7A4F7556}") = "StringManipulator", "StringManipulator\StringManipulator.csproj", "{22BD54AC-FF75-4C97-8A8C-534B715E93D2}"
EndProject
Project("{9A19103F-16F7-4668-BE54-9A1E7A4F7556}") = "MessagesManager", "MessagesManager\MessagesManager.csproj", "{F08DD4ED-113E-46EB-BCF9-4C1731B5AB75}"
EndProject
Project("{9A19103F-16F7-4668-BE54-9A1E7A4F7556}") = "MessageDecrypter", "MessageDecrypter\MessageDecrypter.csproj", "{563E95C3-8FBE-4F5F-88EE-FB7CC0B6109B}"
EndProject
Project("{9A19103F-16F7-4668-BE54-9A1E7A4F7556}") = "FeedTheAnimals", "FeedTheAnimals\FeedTheAnimals.csproj", "{EED7AEE9-864D-41BC-BF99-6F4141AF0AB1}"
EndProject
Project("{9A19103F-16F7-4668-BE54-9A1E7A4F7556}") = "EmojiSimolator", "EmojiSimolator\EmojiSimolator.csproj", "{1CB5B803-D9C1-43EF-B86A-B64157EEC74C}"
EndProject
Project("{9A19103F-16F7-4668-BE54-9A1E7A4F7556}") = "Concert", "Concert\Concert.csproj", "{C1AD2550-BA0A-42FB-A822-8272BECE1A59}"
EndProject
Project("{9A19103F-16F7-4668-BE54-9A1E7A4F7556}") = "SongEncryption", "SongEncryption\SongEncryption.csproj", "{652413EA-AFC7-4172-AFB2-27244314C06D}"
EndProject
Project("{9A19103F-16F7-4668-BE54-9A1E7A4F7556}") = "TheIsleOfManRace", "TheIsleOfManRace\TheIsleOfManRace.csproj", "{4D3811F3-050E-456E-A10B-A020F48A3855}"
EndProject
Project("{9A19103F-16F7-4668-BE54-9A1E7A4F7556}") = "SnowWhite", "SnowWhite\SnowWhite.csproj", "{B8FCE8BA-4A09-473C-B842-0A02D3CBA670}"
EndProject
Project("{9A19103F-16F7-4668-BE54-9A1E7A4F7556}") = "SnowFlake", "SnowFlake\SnowFlake.csproj", "{EA263AE4-404D-43BA-A74B-2C019B5C2A7D}"
EndProject
Project("{9A19103F-16F7-4668-BE54-9A1E7A4F7556}") = "HoguartsSorting", "HoguartsSorting\HoguartsSorting.csproj", "{C67CFB92-ECBC-44B1-94E3-4FE66FEBA1A6}"
EndProject
Project("{9A19103F-16F7-4668-BE54-9A1E7A4F7556}") = "TreinLands", "TreinLands\TreinLands.csproj", "{03FFD86D-EEFB-4E0F-8A6E-97CADDA0F39F}"
EndProject
Project("{9A19103F-16F7-4668-BE54-9A1E7A4F7556}") = "RainCast", "RainCast\RainCast.csproj", "{293476CF-2321-4F81-A55A-CF09851E1B0C}"
EndProject
Project("{9A19103F-16F7-4668-BE54-9A1E7A4F7556}") = "RainAir", "RainAir\RainAir.csproj", "{B3B9CBE3-C5B0-412F-B97F-2F9A0406AA8C}"
EndProject
Project("{9A19103F-16F7-4668-BE54-9A1E7A4F7556}") = "CodePhoenix", "CodePhoenix\CodePhoenix.csproj", "{006E1BB2-0117-41F1-9F90-96780EF02E26}"
EndProject
Project("{9A19103F-16F7-4668-BE54-9A1E7A4F7556}") = "VaporWinterSale", "VaporWinterSale\VaporWinterSale.csproj", "{0CE5B913-22B5-44AD-8D6D-245E7CBEB661}"
EndProject
Project("{9A19103F-16F7-4668-BE54-9A1E7A4F7556}") = "Dictionary", "Dictionary\Dictionary.csproj", "{3D4362E0-8F11-497B-B926-63A12F5C4168}"
EndProject
Project("{9A19103F-16F7-4668-BE54-9A1E7A4F7556}") = "Deciphering", "Deciphering\Deciphering.csproj", "{EB475EE5-11C5-4A83-96F0-4E19C690E240}"
EndProject
Project("{9A19103F-16F7-4668-BE54-9A1E7A4F7556}") = "PracticeSessions", "PracticeSessions\PracticeSessions.csproj", "{E056034B-062A-439D-8FAA-328F8A4EFE37}"
EndProject
Project("{9A19103F-16F7-4668-BE54-9A1E7A4F7556}") = "ArrivingINCathmandu", "ArrivingINCathmandu\ArrivingINCathmandu.csproj", "{6DC06160-A0EC-4C8A-B236-80646F661637}"
EndProject
Project("{9A19103F-16F7-4668-BE54-9A1E7A4F7556}") = "OnTheWayToAnnapurna", "OnTheWayToAnnapurna\OnTheWayToAnnapurna.csproj", "{20C4B09B-A5F7-403D-91F1-8D647FB40FDE}"
EndProject
Project("{9A19103F-16F7-4668-BE54-9A1E7A4F7556}") = "AnimalSanctuary", "AnimalSanctuary\AnimalSanctuary.csproj", "{1CC333AE-5D59-4BB2-A2EF-D0DAE34643E8}"
EndProject
Project("{9A19103F-16F7-4668-BE54-9A1E7A4F7556}") = "BossRush", "BossRush\BossRush.csproj", "{155A69A2-86F2-444E-9A0F-1D01B2ED6F78}"
EndProject
Project("{9A19103F-16F7-4668-BE54-9A1E7A4F7556}") = "WildZoo", "WildZoo\WildZoo.csproj", "{AFC24039-16FE-4C8B-9970-05B6FB74F944}"
EndProject
Project("{9A19103F-16F7-4668-BE54-9A1E7A4F7556}") = "Followers", "Followers\Followers.csproj", "{49716BF9-5D3E-4746-A0D9-C628EC2193B4}"
EndProject
Project("{9A19103F-16F7-4668-BE54-9A1E7A4F7556}") = "HeroRecruiment", "HeroRecruiment\HeroRecruiment.csproj", "{776DEA3C-03A5-4FDF-851E-2B1E81BDF6D6}"
EndProject
Project("{9A19103F-16F7-4668-BE54-9A1E7A4F7556}") = "PasswordValidator", "PasswordValidator\PasswordValidator.csproj", "{9239AB91-6B7A-4354-BE78-46E43C2802E8}"
EndProject
Project("{9A19103F-16F7-4668-BE54-9A1E7A4F7556}") = "EncryptingPassword", "EncryptingPassword\EncryptingPassword.csproj", "{051AC197-AE11-4491-96E3-B946BA0315E0}"
EndProject
Project("{9A19103F-16F7-4668-BE54-9A1E7A4F7556}") = "MessageTranslator", "MessageTranslator\MessageTranslator.csproj", "{0CD1C7B3-1D67-4223-8D96-52C8B37D056A}"
EndProject
Project("{9A19103F-16F7-4668-BE54-9A1E7A4F7556}") = "DegustationParty", "DegustationParty\DegustationParty.csproj", "{CC18C80A-153F-439F-A834-D2C6A30C1992}"
EndProject
Project("{9A19103F-16F7-4668-BE54-9A1E7A4F7556}") = "test", "test\test.csproj", "{459F8967-E36C-48EC-87EA-186CA2EBDA8C}"
EndProject
Project("{FAE04EC0-301F-11D3-BF4B-00C04F79EFBC}") = "BeaverAtWork", "BeaverAtWork\BeaverAtWork.csproj", "{C46643D8-4730-45E7-AFA1-A24900622BE6}"
EndProject
Global
	GlobalSection(SolutionConfigurationPlatforms) = preSolution
		Debug|Any CPU = Debug|Any CPU
		Release|Any CPU = Release|Any CPU
	EndGlobalSection
	GlobalSection(ProjectConfigurationPlatforms) = postSolution
		{E1DF29BD-F5D7-4450-B89A-3360BB699EB2}.Debug|Any CPU.ActiveCfg = Debug|Any CPU
		{E1DF29BD-F5D7-4450-B89A-3360BB699EB2}.Debug|Any CPU.Build.0 = Debug|Any CPU
		{E1DF29BD-F5D7-4450-B89A-3360BB699EB2}.Release|Any CPU.ActiveCfg = Release|Any CPU
		{E1DF29BD-F5D7-4450-B89A-3360BB699EB2}.Release|Any CPU.Build.0 = Release|Any CPU
		{74BF1630-5CD8-4445-9F49-A984489BE4E2}.Debug|Any CPU.ActiveCfg = Debug|Any CPU
		{74BF1630-5CD8-4445-9F49-A984489BE4E2}.Debug|Any CPU.Build.0 = Debug|Any CPU
		{74BF1630-5CD8-4445-9F49-A984489BE4E2}.Release|Any CPU.ActiveCfg = Release|Any CPU
		{74BF1630-5CD8-4445-9F49-A984489BE4E2}.Release|Any CPU.Build.0 = Release|Any CPU
		{2E84618C-9430-42A3-B1E3-1A9438E059FF}.Debug|Any CPU.ActiveCfg = Debug|Any CPU
		{2E84618C-9430-42A3-B1E3-1A9438E059FF}.Debug|Any CPU.Build.0 = Debug|Any CPU
		{2E84618C-9430-42A3-B1E3-1A9438E059FF}.Release|Any CPU.ActiveCfg = Release|Any CPU
		{2E84618C-9430-42A3-B1E3-1A9438E059FF}.Release|Any CPU.Build.0 = Release|Any CPU
		{0A33F6FF-AAD5-4B22-9C2B-0AB1A46F7CFC}.Debug|Any CPU.ActiveCfg = Debug|Any CPU
		{0A33F6FF-AAD5-4B22-9C2B-0AB1A46F7CFC}.Debug|Any CPU.Build.0 = Debug|Any CPU
		{0A33F6FF-AAD5-4B22-9C2B-0AB1A46F7CFC}.Release|Any CPU.ActiveCfg = Release|Any CPU
		{0A33F6FF-AAD5-4B22-9C2B-0AB1A46F7CFC}.Release|Any CPU.Build.0 = Release|Any CPU
		{1984AA6B-C881-4499-832E-9566712ECD2B}.Debug|Any CPU.ActiveCfg = Debug|Any CPU
		{1984AA6B-C881-4499-832E-9566712ECD2B}.Debug|Any CPU.Build.0 = Debug|Any CPU
		{1984AA6B-C881-4499-832E-9566712ECD2B}.Release|Any CPU.ActiveCfg = Release|Any CPU
		{1984AA6B-C881-4499-832E-9566712ECD2B}.Release|Any CPU.Build.0 = Release|Any CPU
		{8DAE5EAA-A4A3-4261-8D0B-F1CB95018241}.Debug|Any CPU.ActiveCfg = Debug|Any CPU
		{8DAE5EAA-A4A3-4261-8D0B-F1CB95018241}.Debug|Any CPU.Build.0 = Debug|Any CPU
		{8DAE5EAA-A4A3-4261-8D0B-F1CB95018241}.Release|Any CPU.ActiveCfg = Release|Any CPU
		{8DAE5EAA-A4A3-4261-8D0B-F1CB95018241}.Release|Any CPU.Build.0 = Release|Any CPU
		{2B9362F7-D269-4EDB-8CA0-DF7B1B017829}.Debug|Any CPU.ActiveCfg = Debug|Any CPU
		{2B9362F7-D269-4EDB-8CA0-DF7B1B017829}.Debug|Any CPU.Build.0 = Debug|Any CPU
		{2B9362F7-D269-4EDB-8CA0-DF7B1B017829}.Release|Any CPU.ActiveCfg = Release|Any CPU
		{2B9362F7-D269-4EDB-8CA0-DF7B1B017829}.Release|Any CPU.Build.0 = Release|Any CPU
		{26FC0B67-24D2-42C4-B8AE-9924881F3168}.Debug|Any CPU.ActiveCfg = Debug|Any CPU
		{26FC0B67-24D2-42C4-B8AE-9924881F3168}.Debug|Any CPU.Build.0 = Debug|Any CPU
		{26FC0B67-24D2-42C4-B8AE-9924881F3168}.Release|Any CPU.ActiveCfg = Release|Any CPU
		{26FC0B67-24D2-42C4-B8AE-9924881F3168}.Release|Any CPU.Build.0 = Release|Any CPU
		{E65911EE-5FFF-47B7-96BD-4A9F140747A2}.Debug|Any CPU.ActiveCfg = Debug|Any CPU
		{E65911EE-5FFF-47B7-96BD-4A9F140747A2}.Debug|Any CPU.Build.0 = Debug|Any CPU
		{E65911EE-5FFF-47B7-96BD-4A9F140747A2}.Release|Any CPU.ActiveCfg = Release|Any CPU
		{E65911EE-5FFF-47B7-96BD-4A9F140747A2}.Release|Any CPU.Build.0 = Release|Any CPU
		{20E1E87A-DC74-4269-B367-1547ED389D3A}.Debug|Any CPU.ActiveCfg = Debug|Any CPU
		{20E1E87A-DC74-4269-B367-1547ED389D3A}.Debug|Any CPU.Build.0 = Debug|Any CPU
		{20E1E87A-DC74-4269-B367-1547ED389D3A}.Release|Any CPU.ActiveCfg = Release|Any CPU
		{20E1E87A-DC74-4269-B367-1547ED389D3A}.Release|Any CPU.Build.0 = Release|Any CPU
		{6609B1C8-ADA1-4FFE-BC48-C45153683B25}.Debug|Any CPU.ActiveCfg = Debug|Any CPU
		{6609B1C8-ADA1-4FFE-BC48-C45153683B25}.Debug|Any CPU.Build.0 = Debug|Any CPU
		{6609B1C8-ADA1-4FFE-BC48-C45153683B25}.Release|Any CPU.ActiveCfg = Release|Any CPU
		{6609B1C8-ADA1-4FFE-BC48-C45153683B25}.Release|Any CPU.Build.0 = Release|Any CPU
		{3BE3D7B3-955A-4CD0-B424-7E3ACE02004C}.Debug|Any CPU.ActiveCfg = Debug|Any CPU
		{3BE3D7B3-955A-4CD0-B424-7E3ACE02004C}.Debug|Any CPU.Build.0 = Debug|Any CPU
		{3BE3D7B3-955A-4CD0-B424-7E3ACE02004C}.Release|Any CPU.ActiveCfg = Release|Any CPU
		{3BE3D7B3-955A-4CD0-B424-7E3ACE02004C}.Release|Any CPU.Build.0 = Release|Any CPU
		{8E286DB3-3DC0-412A-93B2-3A245152AEBD}.Debug|Any CPU.ActiveCfg = Debug|Any CPU
		{8E286DB3-3DC0-412A-93B2-3A245152AEBD}.Debug|Any CPU.Build.0 = Debug|Any CPU
		{8E286DB3-3DC0-412A-93B2-3A245152AEBD}.Release|Any CPU.ActiveCfg = Release|Any CPU
		{8E286DB3-3DC0-412A-93B2-3A245152AEBD}.Release|Any CPU.Build.0 = Release|Any CPU
		{E06E14A9-6EA9-4F88-B2EC-9E6000195764}.Debug|Any CPU.ActiveCfg = Debug|Any CPU
		{E06E14A9-6EA9-4F88-B2EC-9E6000195764}.Debug|Any CPU.Build.0 = Debug|Any CPU
		{E06E14A9-6EA9-4F88-B2EC-9E6000195764}.Release|Any CPU.ActiveCfg = Release|Any CPU
		{E06E14A9-6EA9-4F88-B2EC-9E6000195764}.Release|Any CPU.Build.0 = Release|Any CPU
		{68509943-499A-41F5-95A3-BC4EE978FF23}.Debug|Any CPU.ActiveCfg = Debug|Any CPU
		{68509943-499A-41F5-95A3-BC4EE978FF23}.Debug|Any CPU.Build.0 = Debug|Any CPU
		{68509943-499A-41F5-95A3-BC4EE978FF23}.Release|Any CPU.ActiveCfg = Release|Any CPU
		{68509943-499A-41F5-95A3-BC4EE978FF23}.Release|Any CPU.Build.0 = Release|Any CPU
		{6C5FCD7A-4FB7-4A98-AEE3-194A190360FF}.Debug|Any CPU.ActiveCfg = Debug|Any CPU
		{6C5FCD7A-4FB7-4A98-AEE3-194A190360FF}.Debug|Any CPU.Build.0 = Debug|Any CPU
		{6C5FCD7A-4FB7-4A98-AEE3-194A190360FF}.Release|Any CPU.ActiveCfg = Release|Any CPU
		{6C5FCD7A-4FB7-4A98-AEE3-194A190360FF}.Release|Any CPU.Build.0 = Release|Any CPU
		{801AD099-CAA5-441C-995A-95D08E60E766}.Debug|Any CPU.ActiveCfg = Debug|Any CPU
		{801AD099-CAA5-441C-995A-95D08E60E766}.Debug|Any CPU.Build.0 = Debug|Any CPU
		{801AD099-CAA5-441C-995A-95D08E60E766}.Release|Any CPU.ActiveCfg = Release|Any CPU
		{801AD099-CAA5-441C-995A-95D08E60E766}.Release|Any CPU.Build.0 = Release|Any CPU
		{C43959D7-4E94-48B0-8DC5-75BC76F4269E}.Debug|Any CPU.ActiveCfg = Debug|Any CPU
		{C43959D7-4E94-48B0-8DC5-75BC76F4269E}.Debug|Any CPU.Build.0 = Debug|Any CPU
		{C43959D7-4E94-48B0-8DC5-75BC76F4269E}.Release|Any CPU.ActiveCfg = Release|Any CPU
		{C43959D7-4E94-48B0-8DC5-75BC76F4269E}.Release|Any CPU.Build.0 = Release|Any CPU
		{A2A6C693-FF6C-498A-8673-B82C7F6C4DD2}.Debug|Any CPU.ActiveCfg = Debug|Any CPU
		{A2A6C693-FF6C-498A-8673-B82C7F6C4DD2}.Debug|Any CPU.Build.0 = Debug|Any CPU
		{A2A6C693-FF6C-498A-8673-B82C7F6C4DD2}.Release|Any CPU.ActiveCfg = Release|Any CPU
		{A2A6C693-FF6C-498A-8673-B82C7F6C4DD2}.Release|Any CPU.Build.0 = Release|Any CPU
		{6A13B6D9-B3E9-4F8E-8F2B-6D445B233BF4}.Debug|Any CPU.ActiveCfg = Debug|Any CPU
		{6A13B6D9-B3E9-4F8E-8F2B-6D445B233BF4}.Debug|Any CPU.Build.0 = Debug|Any CPU
		{6A13B6D9-B3E9-4F8E-8F2B-6D445B233BF4}.Release|Any CPU.ActiveCfg = Release|Any CPU
		{6A13B6D9-B3E9-4F8E-8F2B-6D445B233BF4}.Release|Any CPU.Build.0 = Release|Any CPU
		{3E12400F-21E2-492B-A464-E060D8B6BDF3}.Debug|Any CPU.ActiveCfg = Debug|Any CPU
		{3E12400F-21E2-492B-A464-E060D8B6BDF3}.Debug|Any CPU.Build.0 = Debug|Any CPU
		{3E12400F-21E2-492B-A464-E060D8B6BDF3}.Release|Any CPU.ActiveCfg = Release|Any CPU
		{3E12400F-21E2-492B-A464-E060D8B6BDF3}.Release|Any CPU.Build.0 = Release|Any CPU
		{1324542B-AD50-488F-96F9-D4487BB400C1}.Debug|Any CPU.ActiveCfg = Debug|Any CPU
		{1324542B-AD50-488F-96F9-D4487BB400C1}.Debug|Any CPU.Build.0 = Debug|Any CPU
		{1324542B-AD50-488F-96F9-D4487BB400C1}.Release|Any CPU.ActiveCfg = Release|Any CPU
		{1324542B-AD50-488F-96F9-D4487BB400C1}.Release|Any CPU.Build.0 = Release|Any CPU
		{2E389D78-08F0-41E3-AD45-215DA440BAD6}.Debug|Any CPU.ActiveCfg = Debug|Any CPU
		{2E389D78-08F0-41E3-AD45-215DA440BAD6}.Debug|Any CPU.Build.0 = Debug|Any CPU
		{2E389D78-08F0-41E3-AD45-215DA440BAD6}.Release|Any CPU.ActiveCfg = Release|Any CPU
		{2E389D78-08F0-41E3-AD45-215DA440BAD6}.Release|Any CPU.Build.0 = Release|Any CPU
		{BE0472D2-B8EE-4815-8679-740FC3B4B52E}.Debug|Any CPU.ActiveCfg = Debug|Any CPU
		{BE0472D2-B8EE-4815-8679-740FC3B4B52E}.Debug|Any CPU.Build.0 = Debug|Any CPU
		{BE0472D2-B8EE-4815-8679-740FC3B4B52E}.Release|Any CPU.ActiveCfg = Release|Any CPU
		{BE0472D2-B8EE-4815-8679-740FC3B4B52E}.Release|Any CPU.Build.0 = Release|Any CPU
		{C0343778-4E57-423E-8EC2-E549D9F76BC6}.Debug|Any CPU.ActiveCfg = Debug|Any CPU
		{C0343778-4E57-423E-8EC2-E549D9F76BC6}.Debug|Any CPU.Build.0 = Debug|Any CPU
		{C0343778-4E57-423E-8EC2-E549D9F76BC6}.Release|Any CPU.ActiveCfg = Release|Any CPU
		{C0343778-4E57-423E-8EC2-E549D9F76BC6}.Release|Any CPU.Build.0 = Release|Any CPU
		{550A9497-E83A-4024-8974-ACCD655C047E}.Debug|Any CPU.ActiveCfg = Debug|Any CPU
		{550A9497-E83A-4024-8974-ACCD655C047E}.Debug|Any CPU.Build.0 = Debug|Any CPU
		{550A9497-E83A-4024-8974-ACCD655C047E}.Release|Any CPU.ActiveCfg = Release|Any CPU
		{550A9497-E83A-4024-8974-ACCD655C047E}.Release|Any CPU.Build.0 = Release|Any CPU
		{A5629D1B-DA2B-40CF-A4D6-EBB7DE6A031C}.Debug|Any CPU.ActiveCfg = Debug|Any CPU
		{A5629D1B-DA2B-40CF-A4D6-EBB7DE6A031C}.Debug|Any CPU.Build.0 = Debug|Any CPU
		{A5629D1B-DA2B-40CF-A4D6-EBB7DE6A031C}.Release|Any CPU.ActiveCfg = Release|Any CPU
		{A5629D1B-DA2B-40CF-A4D6-EBB7DE6A031C}.Release|Any CPU.Build.0 = Release|Any CPU
		{2BBB7DF6-B021-4E56-8CCB-2FDDA763B516}.Debug|Any CPU.ActiveCfg = Debug|Any CPU
		{2BBB7DF6-B021-4E56-8CCB-2FDDA763B516}.Debug|Any CPU.Build.0 = Debug|Any CPU
		{2BBB7DF6-B021-4E56-8CCB-2FDDA763B516}.Release|Any CPU.ActiveCfg = Release|Any CPU
		{2BBB7DF6-B021-4E56-8CCB-2FDDA763B516}.Release|Any CPU.Build.0 = Release|Any CPU
		{D676F429-590D-4031-833D-D226242E7F6E}.Debug|Any CPU.ActiveCfg = Debug|Any CPU
		{D676F429-590D-4031-833D-D226242E7F6E}.Debug|Any CPU.Build.0 = Debug|Any CPU
		{D676F429-590D-4031-833D-D226242E7F6E}.Release|Any CPU.ActiveCfg = Release|Any CPU
		{D676F429-590D-4031-833D-D226242E7F6E}.Release|Any CPU.Build.0 = Release|Any CPU
		{AB0F47C6-980B-436E-BA64-77A12AE6668F}.Debug|Any CPU.ActiveCfg = Debug|Any CPU
		{AB0F47C6-980B-436E-BA64-77A12AE6668F}.Debug|Any CPU.Build.0 = Debug|Any CPU
		{AB0F47C6-980B-436E-BA64-77A12AE6668F}.Release|Any CPU.ActiveCfg = Release|Any CPU
		{AB0F47C6-980B-436E-BA64-77A12AE6668F}.Release|Any CPU.Build.0 = Release|Any CPU
		{2B553044-CA01-4CBE-8FDD-3B9D315CFDC1}.Debug|Any CPU.ActiveCfg = Debug|Any CPU
		{2B553044-CA01-4CBE-8FDD-3B9D315CFDC1}.Debug|Any CPU.Build.0 = Debug|Any CPU
		{2B553044-CA01-4CBE-8FDD-3B9D315CFDC1}.Release|Any CPU.ActiveCfg = Release|Any CPU
		{2B553044-CA01-4CBE-8FDD-3B9D315CFDC1}.Release|Any CPU.Build.0 = Release|Any CPU
		{FAD7BBBB-ED06-46BF-AA1E-D59C0766D93C}.Debug|Any CPU.ActiveCfg = Debug|Any CPU
		{FAD7BBBB-ED06-46BF-AA1E-D59C0766D93C}.Debug|Any CPU.Build.0 = Debug|Any CPU
		{FAD7BBBB-ED06-46BF-AA1E-D59C0766D93C}.Release|Any CPU.ActiveCfg = Release|Any CPU
		{FAD7BBBB-ED06-46BF-AA1E-D59C0766D93C}.Release|Any CPU.Build.0 = Release|Any CPU
		{A8A0BC84-D55B-470A-A04A-19E9D31755B1}.Debug|Any CPU.ActiveCfg = Debug|Any CPU
		{A8A0BC84-D55B-470A-A04A-19E9D31755B1}.Debug|Any CPU.Build.0 = Debug|Any CPU
		{A8A0BC84-D55B-470A-A04A-19E9D31755B1}.Release|Any CPU.ActiveCfg = Release|Any CPU
		{A8A0BC84-D55B-470A-A04A-19E9D31755B1}.Release|Any CPU.Build.0 = Release|Any CPU
		{13320442-81B5-40D8-9AAF-3BEB61DB4C4B}.Debug|Any CPU.ActiveCfg = Debug|Any CPU
		{13320442-81B5-40D8-9AAF-3BEB61DB4C4B}.Debug|Any CPU.Build.0 = Debug|Any CPU
		{13320442-81B5-40D8-9AAF-3BEB61DB4C4B}.Release|Any CPU.ActiveCfg = Release|Any CPU
		{13320442-81B5-40D8-9AAF-3BEB61DB4C4B}.Release|Any CPU.Build.0 = Release|Any CPU
		{BD6F6B1E-CD7C-42D2-A2DE-B2F7875D8948}.Debug|Any CPU.ActiveCfg = Debug|Any CPU
		{BD6F6B1E-CD7C-42D2-A2DE-B2F7875D8948}.Debug|Any CPU.Build.0 = Debug|Any CPU
		{BD6F6B1E-CD7C-42D2-A2DE-B2F7875D8948}.Release|Any CPU.ActiveCfg = Release|Any CPU
		{BD6F6B1E-CD7C-42D2-A2DE-B2F7875D8948}.Release|Any CPU.Build.0 = Release|Any CPU
		{A0A26D78-BA0C-43FB-A00A-A2397CA87547}.Debug|Any CPU.ActiveCfg = Debug|Any CPU
		{A0A26D78-BA0C-43FB-A00A-A2397CA87547}.Debug|Any CPU.Build.0 = Debug|Any CPU
		{A0A26D78-BA0C-43FB-A00A-A2397CA87547}.Release|Any CPU.ActiveCfg = Release|Any CPU
		{A0A26D78-BA0C-43FB-A00A-A2397CA87547}.Release|Any CPU.Build.0 = Release|Any CPU
		{64E00C36-0562-40E0-8BA9-EBADE8498F1D}.Debug|Any CPU.ActiveCfg = Debug|Any CPU
		{64E00C36-0562-40E0-8BA9-EBADE8498F1D}.Debug|Any CPU.Build.0 = Debug|Any CPU
		{64E00C36-0562-40E0-8BA9-EBADE8498F1D}.Release|Any CPU.ActiveCfg = Release|Any CPU
		{64E00C36-0562-40E0-8BA9-EBADE8498F1D}.Release|Any CPU.Build.0 = Release|Any CPU
		{087CE947-7BC7-48DC-8C80-B827469CFC1B}.Debug|Any CPU.ActiveCfg = Debug|Any CPU
		{087CE947-7BC7-48DC-8C80-B827469CFC1B}.Debug|Any CPU.Build.0 = Debug|Any CPU
		{087CE947-7BC7-48DC-8C80-B827469CFC1B}.Release|Any CPU.ActiveCfg = Release|Any CPU
		{087CE947-7BC7-48DC-8C80-B827469CFC1B}.Release|Any CPU.Build.0 = Release|Any CPU
		{467BEE28-42DB-4A39-B1EE-4E5DBA98C9F2}.Debug|Any CPU.ActiveCfg = Debug|Any CPU
		{467BEE28-42DB-4A39-B1EE-4E5DBA98C9F2}.Debug|Any CPU.Build.0 = Debug|Any CPU
		{467BEE28-42DB-4A39-B1EE-4E5DBA98C9F2}.Release|Any CPU.ActiveCfg = Release|Any CPU
		{467BEE28-42DB-4A39-B1EE-4E5DBA98C9F2}.Release|Any CPU.Build.0 = Release|Any CPU
		{DBE5AFC9-A26B-447C-8D44-9950CE154ECE}.Debug|Any CPU.ActiveCfg = Debug|Any CPU
		{DBE5AFC9-A26B-447C-8D44-9950CE154ECE}.Debug|Any CPU.Build.0 = Debug|Any CPU
		{DBE5AFC9-A26B-447C-8D44-9950CE154ECE}.Release|Any CPU.ActiveCfg = Release|Any CPU
		{DBE5AFC9-A26B-447C-8D44-9950CE154ECE}.Release|Any CPU.Build.0 = Release|Any CPU
		{BA8EF737-3727-4658-A4C0-C978B0B4DD92}.Debug|Any CPU.ActiveCfg = Debug|Any CPU
		{BA8EF737-3727-4658-A4C0-C978B0B4DD92}.Debug|Any CPU.Build.0 = Debug|Any CPU
		{BA8EF737-3727-4658-A4C0-C978B0B4DD92}.Release|Any CPU.ActiveCfg = Release|Any CPU
		{BA8EF737-3727-4658-A4C0-C978B0B4DD92}.Release|Any CPU.Build.0 = Release|Any CPU
		{6BF60B6D-B6A9-4CF4-9006-ADE4A1FB8FDE}.Debug|Any CPU.ActiveCfg = Debug|Any CPU
		{6BF60B6D-B6A9-4CF4-9006-ADE4A1FB8FDE}.Debug|Any CPU.Build.0 = Debug|Any CPU
		{6BF60B6D-B6A9-4CF4-9006-ADE4A1FB8FDE}.Release|Any CPU.ActiveCfg = Release|Any CPU
		{6BF60B6D-B6A9-4CF4-9006-ADE4A1FB8FDE}.Release|Any CPU.Build.0 = Release|Any CPU
		{D13C67D0-64EA-41ED-9D27-C85847AD3FDD}.Debug|Any CPU.ActiveCfg = Debug|Any CPU
		{D13C67D0-64EA-41ED-9D27-C85847AD3FDD}.Debug|Any CPU.Build.0 = Debug|Any CPU
		{D13C67D0-64EA-41ED-9D27-C85847AD3FDD}.Release|Any CPU.ActiveCfg = Release|Any CPU
		{D13C67D0-64EA-41ED-9D27-C85847AD3FDD}.Release|Any CPU.Build.0 = Release|Any CPU
		{2F5F74C1-9DEC-467B-83B3-5CE58A44BD96}.Debug|Any CPU.ActiveCfg = Debug|Any CPU
		{2F5F74C1-9DEC-467B-83B3-5CE58A44BD96}.Debug|Any CPU.Build.0 = Debug|Any CPU
		{2F5F74C1-9DEC-467B-83B3-5CE58A44BD96}.Release|Any CPU.ActiveCfg = Release|Any CPU
		{2F5F74C1-9DEC-467B-83B3-5CE58A44BD96}.Release|Any CPU.Build.0 = Release|Any CPU
		{38FC052F-A0CC-480F-831C-4433FFACAF51}.Debug|Any CPU.ActiveCfg = Debug|Any CPU
		{38FC052F-A0CC-480F-831C-4433FFACAF51}.Debug|Any CPU.Build.0 = Debug|Any CPU
		{38FC052F-A0CC-480F-831C-4433FFACAF51}.Release|Any CPU.ActiveCfg = Release|Any CPU
		{38FC052F-A0CC-480F-831C-4433FFACAF51}.Release|Any CPU.Build.0 = Release|Any CPU
		{33E5B37A-5021-4A73-8E6D-F7DD7EA21AE9}.Debug|Any CPU.ActiveCfg = Debug|Any CPU
		{33E5B37A-5021-4A73-8E6D-F7DD7EA21AE9}.Debug|Any CPU.Build.0 = Debug|Any CPU
		{33E5B37A-5021-4A73-8E6D-F7DD7EA21AE9}.Release|Any CPU.ActiveCfg = Release|Any CPU
		{33E5B37A-5021-4A73-8E6D-F7DD7EA21AE9}.Release|Any CPU.Build.0 = Release|Any CPU
		{71395B04-80E2-4115-BA93-343EB3A3CD0F}.Debug|Any CPU.ActiveCfg = Debug|Any CPU
		{71395B04-80E2-4115-BA93-343EB3A3CD0F}.Debug|Any CPU.Build.0 = Debug|Any CPU
		{71395B04-80E2-4115-BA93-343EB3A3CD0F}.Release|Any CPU.ActiveCfg = Release|Any CPU
		{71395B04-80E2-4115-BA93-343EB3A3CD0F}.Release|Any CPU.Build.0 = Release|Any CPU
		{99ED5F94-9830-47DF-BB5D-DAF9D79D7FCE}.Debug|Any CPU.ActiveCfg = Debug|Any CPU
		{99ED5F94-9830-47DF-BB5D-DAF9D79D7FCE}.Debug|Any CPU.Build.0 = Debug|Any CPU
		{99ED5F94-9830-47DF-BB5D-DAF9D79D7FCE}.Release|Any CPU.ActiveCfg = Release|Any CPU
		{99ED5F94-9830-47DF-BB5D-DAF9D79D7FCE}.Release|Any CPU.Build.0 = Release|Any CPU
		{4FF954AF-D9BE-4857-9EBE-DA6D271916B7}.Debug|Any CPU.ActiveCfg = Debug|Any CPU
		{4FF954AF-D9BE-4857-9EBE-DA6D271916B7}.Debug|Any CPU.Build.0 = Debug|Any CPU
		{4FF954AF-D9BE-4857-9EBE-DA6D271916B7}.Release|Any CPU.ActiveCfg = Release|Any CPU
		{4FF954AF-D9BE-4857-9EBE-DA6D271916B7}.Release|Any CPU.Build.0 = Release|Any CPU
		{22BD54AC-FF75-4C97-8A8C-534B715E93D2}.Debug|Any CPU.ActiveCfg = Debug|Any CPU
		{22BD54AC-FF75-4C97-8A8C-534B715E93D2}.Debug|Any CPU.Build.0 = Debug|Any CPU
		{22BD54AC-FF75-4C97-8A8C-534B715E93D2}.Release|Any CPU.ActiveCfg = Release|Any CPU
		{22BD54AC-FF75-4C97-8A8C-534B715E93D2}.Release|Any CPU.Build.0 = Release|Any CPU
		{F08DD4ED-113E-46EB-BCF9-4C1731B5AB75}.Debug|Any CPU.ActiveCfg = Debug|Any CPU
		{F08DD4ED-113E-46EB-BCF9-4C1731B5AB75}.Debug|Any CPU.Build.0 = Debug|Any CPU
		{F08DD4ED-113E-46EB-BCF9-4C1731B5AB75}.Release|Any CPU.ActiveCfg = Release|Any CPU
		{F08DD4ED-113E-46EB-BCF9-4C1731B5AB75}.Release|Any CPU.Build.0 = Release|Any CPU
		{563E95C3-8FBE-4F5F-88EE-FB7CC0B6109B}.Debug|Any CPU.ActiveCfg = Debug|Any CPU
		{563E95C3-8FBE-4F5F-88EE-FB7CC0B6109B}.Debug|Any CPU.Build.0 = Debug|Any CPU
		{563E95C3-8FBE-4F5F-88EE-FB7CC0B6109B}.Release|Any CPU.ActiveCfg = Release|Any CPU
		{563E95C3-8FBE-4F5F-88EE-FB7CC0B6109B}.Release|Any CPU.Build.0 = Release|Any CPU
		{EED7AEE9-864D-41BC-BF99-6F4141AF0AB1}.Debug|Any CPU.ActiveCfg = Debug|Any CPU
		{EED7AEE9-864D-41BC-BF99-6F4141AF0AB1}.Debug|Any CPU.Build.0 = Debug|Any CPU
		{EED7AEE9-864D-41BC-BF99-6F4141AF0AB1}.Release|Any CPU.ActiveCfg = Release|Any CPU
		{EED7AEE9-864D-41BC-BF99-6F4141AF0AB1}.Release|Any CPU.Build.0 = Release|Any CPU
		{1CB5B803-D9C1-43EF-B86A-B64157EEC74C}.Debug|Any CPU.ActiveCfg = Debug|Any CPU
		{1CB5B803-D9C1-43EF-B86A-B64157EEC74C}.Debug|Any CPU.Build.0 = Debug|Any CPU
		{1CB5B803-D9C1-43EF-B86A-B64157EEC74C}.Release|Any CPU.ActiveCfg = Release|Any CPU
		{1CB5B803-D9C1-43EF-B86A-B64157EEC74C}.Release|Any CPU.Build.0 = Release|Any CPU
		{C1AD2550-BA0A-42FB-A822-8272BECE1A59}.Debug|Any CPU.ActiveCfg = Debug|Any CPU
		{C1AD2550-BA0A-42FB-A822-8272BECE1A59}.Debug|Any CPU.Build.0 = Debug|Any CPU
		{C1AD2550-BA0A-42FB-A822-8272BECE1A59}.Release|Any CPU.ActiveCfg = Release|Any CPU
		{C1AD2550-BA0A-42FB-A822-8272BECE1A59}.Release|Any CPU.Build.0 = Release|Any CPU
		{652413EA-AFC7-4172-AFB2-27244314C06D}.Debug|Any CPU.ActiveCfg = Debug|Any CPU
		{652413EA-AFC7-4172-AFB2-27244314C06D}.Debug|Any CPU.Build.0 = Debug|Any CPU
		{652413EA-AFC7-4172-AFB2-27244314C06D}.Release|Any CPU.ActiveCfg = Release|Any CPU
		{652413EA-AFC7-4172-AFB2-27244314C06D}.Release|Any CPU.Build.0 = Release|Any CPU
		{4D3811F3-050E-456E-A10B-A020F48A3855}.Debug|Any CPU.ActiveCfg = Debug|Any CPU
		{4D3811F3-050E-456E-A10B-A020F48A3855}.Debug|Any CPU.Build.0 = Debug|Any CPU
		{4D3811F3-050E-456E-A10B-A020F48A3855}.Release|Any CPU.ActiveCfg = Release|Any CPU
		{4D3811F3-050E-456E-A10B-A020F48A3855}.Release|Any CPU.Build.0 = Release|Any CPU
		{B8FCE8BA-4A09-473C-B842-0A02D3CBA670}.Debug|Any CPU.ActiveCfg = Debug|Any CPU
		{B8FCE8BA-4A09-473C-B842-0A02D3CBA670}.Debug|Any CPU.Build.0 = Debug|Any CPU
		{B8FCE8BA-4A09-473C-B842-0A02D3CBA670}.Release|Any CPU.ActiveCfg = Release|Any CPU
		{B8FCE8BA-4A09-473C-B842-0A02D3CBA670}.Release|Any CPU.Build.0 = Release|Any CPU
		{EA263AE4-404D-43BA-A74B-2C019B5C2A7D}.Debug|Any CPU.ActiveCfg = Debug|Any CPU
		{EA263AE4-404D-43BA-A74B-2C019B5C2A7D}.Debug|Any CPU.Build.0 = Debug|Any CPU
		{EA263AE4-404D-43BA-A74B-2C019B5C2A7D}.Release|Any CPU.ActiveCfg = Release|Any CPU
		{EA263AE4-404D-43BA-A74B-2C019B5C2A7D}.Release|Any CPU.Build.0 = Release|Any CPU
		{C67CFB92-ECBC-44B1-94E3-4FE66FEBA1A6}.Debug|Any CPU.ActiveCfg = Debug|Any CPU
		{C67CFB92-ECBC-44B1-94E3-4FE66FEBA1A6}.Debug|Any CPU.Build.0 = Debug|Any CPU
		{C67CFB92-ECBC-44B1-94E3-4FE66FEBA1A6}.Release|Any CPU.ActiveCfg = Release|Any CPU
		{C67CFB92-ECBC-44B1-94E3-4FE66FEBA1A6}.Release|Any CPU.Build.0 = Release|Any CPU
		{03FFD86D-EEFB-4E0F-8A6E-97CADDA0F39F}.Debug|Any CPU.ActiveCfg = Debug|Any CPU
		{03FFD86D-EEFB-4E0F-8A6E-97CADDA0F39F}.Debug|Any CPU.Build.0 = Debug|Any CPU
		{03FFD86D-EEFB-4E0F-8A6E-97CADDA0F39F}.Release|Any CPU.ActiveCfg = Release|Any CPU
		{03FFD86D-EEFB-4E0F-8A6E-97CADDA0F39F}.Release|Any CPU.Build.0 = Release|Any CPU
		{293476CF-2321-4F81-A55A-CF09851E1B0C}.Debug|Any CPU.ActiveCfg = Debug|Any CPU
		{293476CF-2321-4F81-A55A-CF09851E1B0C}.Debug|Any CPU.Build.0 = Debug|Any CPU
		{293476CF-2321-4F81-A55A-CF09851E1B0C}.Release|Any CPU.ActiveCfg = Release|Any CPU
		{293476CF-2321-4F81-A55A-CF09851E1B0C}.Release|Any CPU.Build.0 = Release|Any CPU
		{B3B9CBE3-C5B0-412F-B97F-2F9A0406AA8C}.Debug|Any CPU.ActiveCfg = Debug|Any CPU
		{B3B9CBE3-C5B0-412F-B97F-2F9A0406AA8C}.Debug|Any CPU.Build.0 = Debug|Any CPU
		{B3B9CBE3-C5B0-412F-B97F-2F9A0406AA8C}.Release|Any CPU.ActiveCfg = Release|Any CPU
		{B3B9CBE3-C5B0-412F-B97F-2F9A0406AA8C}.Release|Any CPU.Build.0 = Release|Any CPU
		{006E1BB2-0117-41F1-9F90-96780EF02E26}.Debug|Any CPU.ActiveCfg = Debug|Any CPU
		{006E1BB2-0117-41F1-9F90-96780EF02E26}.Debug|Any CPU.Build.0 = Debug|Any CPU
		{006E1BB2-0117-41F1-9F90-96780EF02E26}.Release|Any CPU.ActiveCfg = Release|Any CPU
		{006E1BB2-0117-41F1-9F90-96780EF02E26}.Release|Any CPU.Build.0 = Release|Any CPU
		{0CE5B913-22B5-44AD-8D6D-245E7CBEB661}.Debug|Any CPU.ActiveCfg = Debug|Any CPU
		{0CE5B913-22B5-44AD-8D6D-245E7CBEB661}.Debug|Any CPU.Build.0 = Debug|Any CPU
		{0CE5B913-22B5-44AD-8D6D-245E7CBEB661}.Release|Any CPU.ActiveCfg = Release|Any CPU
		{0CE5B913-22B5-44AD-8D6D-245E7CBEB661}.Release|Any CPU.Build.0 = Release|Any CPU
		{3D4362E0-8F11-497B-B926-63A12F5C4168}.Debug|Any CPU.ActiveCfg = Debug|Any CPU
		{3D4362E0-8F11-497B-B926-63A12F5C4168}.Debug|Any CPU.Build.0 = Debug|Any CPU
		{3D4362E0-8F11-497B-B926-63A12F5C4168}.Release|Any CPU.ActiveCfg = Release|Any CPU
		{3D4362E0-8F11-497B-B926-63A12F5C4168}.Release|Any CPU.Build.0 = Release|Any CPU
		{EB475EE5-11C5-4A83-96F0-4E19C690E240}.Debug|Any CPU.ActiveCfg = Debug|Any CPU
		{EB475EE5-11C5-4A83-96F0-4E19C690E240}.Debug|Any CPU.Build.0 = Debug|Any CPU
		{EB475EE5-11C5-4A83-96F0-4E19C690E240}.Release|Any CPU.ActiveCfg = Release|Any CPU
		{EB475EE5-11C5-4A83-96F0-4E19C690E240}.Release|Any CPU.Build.0 = Release|Any CPU
		{E056034B-062A-439D-8FAA-328F8A4EFE37}.Debug|Any CPU.ActiveCfg = Debug|Any CPU
		{E056034B-062A-439D-8FAA-328F8A4EFE37}.Debug|Any CPU.Build.0 = Debug|Any CPU
		{E056034B-062A-439D-8FAA-328F8A4EFE37}.Release|Any CPU.ActiveCfg = Release|Any CPU
		{E056034B-062A-439D-8FAA-328F8A4EFE37}.Release|Any CPU.Build.0 = Release|Any CPU
		{6DC06160-A0EC-4C8A-B236-80646F661637}.Debug|Any CPU.ActiveCfg = Debug|Any CPU
		{6DC06160-A0EC-4C8A-B236-80646F661637}.Debug|Any CPU.Build.0 = Debug|Any CPU
		{6DC06160-A0EC-4C8A-B236-80646F661637}.Release|Any CPU.ActiveCfg = Release|Any CPU
		{6DC06160-A0EC-4C8A-B236-80646F661637}.Release|Any CPU.Build.0 = Release|Any CPU
		{20C4B09B-A5F7-403D-91F1-8D647FB40FDE}.Debug|Any CPU.ActiveCfg = Debug|Any CPU
		{20C4B09B-A5F7-403D-91F1-8D647FB40FDE}.Debug|Any CPU.Build.0 = Debug|Any CPU
		{20C4B09B-A5F7-403D-91F1-8D647FB40FDE}.Release|Any CPU.ActiveCfg = Release|Any CPU
		{20C4B09B-A5F7-403D-91F1-8D647FB40FDE}.Release|Any CPU.Build.0 = Release|Any CPU
		{1CC333AE-5D59-4BB2-A2EF-D0DAE34643E8}.Debug|Any CPU.ActiveCfg = Debug|Any CPU
		{1CC333AE-5D59-4BB2-A2EF-D0DAE34643E8}.Debug|Any CPU.Build.0 = Debug|Any CPU
		{1CC333AE-5D59-4BB2-A2EF-D0DAE34643E8}.Release|Any CPU.ActiveCfg = Release|Any CPU
		{1CC333AE-5D59-4BB2-A2EF-D0DAE34643E8}.Release|Any CPU.Build.0 = Release|Any CPU
		{155A69A2-86F2-444E-9A0F-1D01B2ED6F78}.Debug|Any CPU.ActiveCfg = Debug|Any CPU
		{155A69A2-86F2-444E-9A0F-1D01B2ED6F78}.Debug|Any CPU.Build.0 = Debug|Any CPU
		{155A69A2-86F2-444E-9A0F-1D01B2ED6F78}.Release|Any CPU.ActiveCfg = Release|Any CPU
		{155A69A2-86F2-444E-9A0F-1D01B2ED6F78}.Release|Any CPU.Build.0 = Release|Any CPU
		{AFC24039-16FE-4C8B-9970-05B6FB74F944}.Debug|Any CPU.ActiveCfg = Debug|Any CPU
		{AFC24039-16FE-4C8B-9970-05B6FB74F944}.Debug|Any CPU.Build.0 = Debug|Any CPU
		{AFC24039-16FE-4C8B-9970-05B6FB74F944}.Release|Any CPU.ActiveCfg = Release|Any CPU
		{AFC24039-16FE-4C8B-9970-05B6FB74F944}.Release|Any CPU.Build.0 = Release|Any CPU
		{49716BF9-5D3E-4746-A0D9-C628EC2193B4}.Debug|Any CPU.ActiveCfg = Debug|Any CPU
		{49716BF9-5D3E-4746-A0D9-C628EC2193B4}.Debug|Any CPU.Build.0 = Debug|Any CPU
		{49716BF9-5D3E-4746-A0D9-C628EC2193B4}.Release|Any CPU.ActiveCfg = Release|Any CPU
		{49716BF9-5D3E-4746-A0D9-C628EC2193B4}.Release|Any CPU.Build.0 = Release|Any CPU
		{776DEA3C-03A5-4FDF-851E-2B1E81BDF6D6}.Debug|Any CPU.ActiveCfg = Debug|Any CPU
		{776DEA3C-03A5-4FDF-851E-2B1E81BDF6D6}.Debug|Any CPU.Build.0 = Debug|Any CPU
		{776DEA3C-03A5-4FDF-851E-2B1E81BDF6D6}.Release|Any CPU.ActiveCfg = Release|Any CPU
		{776DEA3C-03A5-4FDF-851E-2B1E81BDF6D6}.Release|Any CPU.Build.0 = Release|Any CPU
		{9239AB91-6B7A-4354-BE78-46E43C2802E8}.Debug|Any CPU.ActiveCfg = Debug|Any CPU
		{9239AB91-6B7A-4354-BE78-46E43C2802E8}.Debug|Any CPU.Build.0 = Debug|Any CPU
		{9239AB91-6B7A-4354-BE78-46E43C2802E8}.Release|Any CPU.ActiveCfg = Release|Any CPU
		{9239AB91-6B7A-4354-BE78-46E43C2802E8}.Release|Any CPU.Build.0 = Release|Any CPU
		{051AC197-AE11-4491-96E3-B946BA0315E0}.Debug|Any CPU.ActiveCfg = Debug|Any CPU
		{051AC197-AE11-4491-96E3-B946BA0315E0}.Debug|Any CPU.Build.0 = Debug|Any CPU
		{051AC197-AE11-4491-96E3-B946BA0315E0}.Release|Any CPU.ActiveCfg = Release|Any CPU
		{051AC197-AE11-4491-96E3-B946BA0315E0}.Release|Any CPU.Build.0 = Release|Any CPU
		{0CD1C7B3-1D67-4223-8D96-52C8B37D056A}.Debug|Any CPU.ActiveCfg = Debug|Any CPU
		{0CD1C7B3-1D67-4223-8D96-52C8B37D056A}.Debug|Any CPU.Build.0 = Debug|Any CPU
		{0CD1C7B3-1D67-4223-8D96-52C8B37D056A}.Release|Any CPU.ActiveCfg = Release|Any CPU
		{0CD1C7B3-1D67-4223-8D96-52C8B37D056A}.Release|Any CPU.Build.0 = Release|Any CPU
		{CC18C80A-153F-439F-A834-D2C6A30C1992}.Debug|Any CPU.ActiveCfg = Debug|Any CPU
		{CC18C80A-153F-439F-A834-D2C6A30C1992}.Debug|Any CPU.Build.0 = Debug|Any CPU
		{CC18C80A-153F-439F-A834-D2C6A30C1992}.Release|Any CPU.ActiveCfg = Release|Any CPU
		{CC18C80A-153F-439F-A834-D2C6A30C1992}.Release|Any CPU.Build.0 = Release|Any CPU
		{459F8967-E36C-48EC-87EA-186CA2EBDA8C}.Debug|Any CPU.ActiveCfg = Debug|Any CPU
		{459F8967-E36C-48EC-87EA-186CA2EBDA8C}.Debug|Any CPU.Build.0 = Debug|Any CPU
		{459F8967-E36C-48EC-87EA-186CA2EBDA8C}.Release|Any CPU.ActiveCfg = Release|Any CPU
		{459F8967-E36C-48EC-87EA-186CA2EBDA8C}.Release|Any CPU.Build.0 = Release|Any CPU
		{C46643D8-4730-45E7-AFA1-A24900622BE6}.Debug|Any CPU.ActiveCfg = Debug|Any CPU
		{C46643D8-4730-45E7-AFA1-A24900622BE6}.Debug|Any CPU.Build.0 = Debug|Any CPU
		{C46643D8-4730-45E7-AFA1-A24900622BE6}.Release|Any CPU.ActiveCfg = Release|Any CPU
		{C46643D8-4730-45E7-AFA1-A24900622BE6}.Release|Any CPU.Build.0 = Release|Any CPU
	EndGlobalSection
	GlobalSection(SolutionProperties) = preSolution
		HideSolutionNode = FALSE
	EndGlobalSection
	GlobalSection(ExtensibilityGlobals) = postSolution
		SolutionGuid = {65E267E8-8DB3-4A0F-91DF-4C3E56FFFE8F}
	EndGlobalSection
EndGlobal
